{
  "name": "application-load-balancer",
  "version": "0.23.0",
  "lockfileVersion": 1,
  "requires": true,
  "dependencies": {
    "@aws-cdk/assets": {
      "version": "0.37.0",
      "resolved": "https://registry.npmjs.org/@aws-cdk/assets/-/assets-0.37.0.tgz",
      "integrity": "sha512-i1ZA6gADLM66gl11zXFn5Q1MHJwGabHMXRnTI4Vvv31DMQEw4V5uJnkl6gzORrr5BaswFNrBrlF5sumVaaAgqg==",
      "requires": {
        "@aws-cdk/core": "^0.37.0",
        "@aws-cdk/cx-api": "^0.37.0",
        "minimatch": "^3.0.4"
      },
      "dependencies": {
        "balanced-match": {
          "version": "1.0.0",
          "bundled": true
        },
        "brace-expansion": {
          "version": "1.1.11",
          "bundled": true,
          "requires": {
            "balanced-match": "^1.0.0",
            "concat-map": "0.0.1"
          }
        },
        "concat-map": {
          "version": "0.0.1",
          "bundled": true
        },
        "minimatch": {
          "version": "3.0.4",
          "bundled": true,
          "requires": {
            "brace-expansion": "^1.1.7"
          }
        }
      }
    },
    "@aws-cdk/aws-autoscaling": {
      "version": "0.37.0",
      "resolved": "https://registry.npmjs.org/@aws-cdk/aws-autoscaling/-/aws-autoscaling-0.37.0.tgz",
      "integrity": "sha512-622R4uz0EGJ9UntUp/TPIn3RWjiz2yw+T4u9B6vUiEr65j2SpgDmN2AusPYi2JeT/bWAVDUpVeUzgaBXxqE6Ag==",
      "requires": {
        "@aws-cdk/aws-autoscaling-common": "^0.37.0",
        "@aws-cdk/aws-cloudwatch": "^0.37.0",
        "@aws-cdk/aws-ec2": "^0.37.0",
        "@aws-cdk/aws-elasticloadbalancing": "^0.37.0",
        "@aws-cdk/aws-elasticloadbalancingv2": "^0.37.0",
        "@aws-cdk/aws-iam": "^0.37.0",
        "@aws-cdk/aws-sns": "^0.37.0",
        "@aws-cdk/core": "^0.37.0"
      }
    },
    "@aws-cdk/aws-autoscaling-common": {
      "version": "0.37.0",
      "resolved": "https://registry.npmjs.org/@aws-cdk/aws-autoscaling-common/-/aws-autoscaling-common-0.37.0.tgz",
      "integrity": "sha512-vavlCl6zUfGRvfScF4fn3fOFOkUKcYzkvUr2l4UURK0boe0cpvknAIh9negN4TooDK+6dIQxwz306JlqsssDpA==",
      "requires": {
        "@aws-cdk/aws-iam": "^0.37.0",
        "@aws-cdk/core": "^0.37.0"
      }
    },
    "@aws-cdk/aws-certificatemanager": {
      "version": "0.37.0",
      "resolved": "https://registry.npmjs.org/@aws-cdk/aws-certificatemanager/-/aws-certificatemanager-0.37.0.tgz",
      "integrity": "sha512-WEwHDAVh4jARSqwjiLKarkascpNF1A5u4+q8kDsYbyCL5wn77/SvOK9eoS6F00cOw3dzVYTfj8dnmNS3zWuPFQ==",
      "requires": {
        "@aws-cdk/aws-cloudformation": "^0.37.0",
        "@aws-cdk/aws-iam": "^0.37.0",
        "@aws-cdk/aws-lambda": "^0.37.0",
        "@aws-cdk/aws-route53": "^0.37.0",
        "@aws-cdk/core": "^0.37.0"
      }
    },
    "@aws-cdk/aws-cloudformation": {
      "version": "0.37.0",
      "resolved": "https://registry.npmjs.org/@aws-cdk/aws-cloudformation/-/aws-cloudformation-0.37.0.tgz",
      "integrity": "sha512-WxcttMYVATVz3Koef6OLcPtY0g6z/1UpEXxX0ATxAXcxaeIKL1CqTwkGie3FqxPjkTW5cbSLbtQqgSDQMIqLWA==",
      "requires": {
        "@aws-cdk/aws-iam": "^0.37.0",
        "@aws-cdk/aws-lambda": "^0.37.0",
        "@aws-cdk/aws-sns": "^0.37.0",
        "@aws-cdk/core": "^0.37.0"
      }
    },
    "@aws-cdk/aws-cloudwatch": {
      "version": "0.37.0",
      "resolved": "https://registry.npmjs.org/@aws-cdk/aws-cloudwatch/-/aws-cloudwatch-0.37.0.tgz",
      "integrity": "sha512-TK9gnSamlGfkUqXCVVnqWK6aGEJUakGSe8yyd8ycq2bSjFk8cYHFDt+TXJwIOPKZoRJN2R0w/grz75wVVWkFsw==",
      "requires": {
        "@aws-cdk/aws-iam": "^0.37.0",
        "@aws-cdk/core": "^0.37.0"
      }
    },
    "@aws-cdk/aws-ec2": {
      "version": "0.37.0",
      "resolved": "https://registry.npmjs.org/@aws-cdk/aws-ec2/-/aws-ec2-0.37.0.tgz",
      "integrity": "sha512-olWJ3xiVHQ0QdF/ZNRn++HVVAh/SIrb5ovO333M5Qp79RuP/21toNO8v55bRachsL6bYuFI33bqKZy5u9yiT6Q==",
      "requires": {
        "@aws-cdk/aws-cloudwatch": "^0.37.0",
        "@aws-cdk/aws-iam": "^0.37.0",
        "@aws-cdk/aws-ssm": "^0.37.0",
        "@aws-cdk/core": "^0.37.0",
        "@aws-cdk/cx-api": "^0.37.0"
      }
    },
    "@aws-cdk/aws-elasticloadbalancing": {
      "version": "0.37.0",
      "resolved": "https://registry.npmjs.org/@aws-cdk/aws-elasticloadbalancing/-/aws-elasticloadbalancing-0.37.0.tgz",
      "integrity": "sha512-pRJrmJ81iC0vwPsJt0TMmreR5rrzWn+wK+RXgRco7BlXwSK6FCakg6fo9htchyLSxvSB1oQfSiKxBdULaPAgKg==",
      "requires": {
        "@aws-cdk/aws-ec2": "^0.37.0",
        "@aws-cdk/core": "^0.37.0"
      }
    },
    "@aws-cdk/aws-elasticloadbalancingv2": {
      "version": "0.37.0",
      "resolved": "https://registry.npmjs.org/@aws-cdk/aws-elasticloadbalancingv2/-/aws-elasticloadbalancingv2-0.37.0.tgz",
      "integrity": "sha512-uCEEVRKiuLDlKAGh5Lg1IBt4ATMZ17xhrg5R+R7DDJw4G3y23PkmBV1o1xV9cUCAMuV7l+LshjhOz7mxkZGGlw==",
      "requires": {
        "@aws-cdk/aws-certificatemanager": "^0.37.0",
        "@aws-cdk/aws-cloudwatch": "^0.37.0",
        "@aws-cdk/aws-ec2": "^0.37.0",
        "@aws-cdk/aws-iam": "^0.37.0",
        "@aws-cdk/aws-s3": "^0.37.0",
        "@aws-cdk/core": "^0.37.0"
      }
    },
    "@aws-cdk/aws-events": {
      "version": "0.37.0",
      "resolved": "https://registry.npmjs.org/@aws-cdk/aws-events/-/aws-events-0.37.0.tgz",
      "integrity": "sha512-6d6uh6hLvUimXKqswbrrPh31sfHiAfj6/JTM5SJhr+dLVYj4RQP11lvn+Ga9JURPrFlqhb4IHz5ZOMZ+I9tH1A==",
      "requires": {
        "@aws-cdk/aws-iam": "^0.37.0",
        "@aws-cdk/core": "^0.37.0"
      }
    },
    "@aws-cdk/aws-iam": {
      "version": "0.37.0",
      "resolved": "https://registry.npmjs.org/@aws-cdk/aws-iam/-/aws-iam-0.37.0.tgz",
      "integrity": "sha512-XTJxshVnnEFy9b1ob5idBQGvmfnQT6T/wD3WefopvgwVaGRlonYqQEsgGAAdUefRzaHku/HIansKt12X6+N6Ww==",
      "requires": {
        "@aws-cdk/core": "^0.37.0",
        "@aws-cdk/region-info": "^0.37.0"
      }
    },
    "@aws-cdk/aws-kms": {
      "version": "0.37.0",
      "resolved": "https://registry.npmjs.org/@aws-cdk/aws-kms/-/aws-kms-0.37.0.tgz",
      "integrity": "sha512-CzUX4hzQ9mbbRrDYA2q5P6EsXvuyv2xBcTWsyiWL3uiDgT7FjcbzHY7xxWj9aA2hNQ8lmbkZquW9Lzfz0jDLvA==",
      "requires": {
        "@aws-cdk/aws-iam": "^0.37.0",
        "@aws-cdk/core": "^0.37.0"
      }
    },
    "@aws-cdk/aws-lambda": {
      "version": "0.37.0",
      "resolved": "https://registry.npmjs.org/@aws-cdk/aws-lambda/-/aws-lambda-0.37.0.tgz",
      "integrity": "sha512-cEGxDmoWiRK/XTc8deMYpwE7REkuTE/ba0KQDWqUUpBh02ZtSDmJoRBkxZHlquOi0OShqgQpBCo1yXNO2MWwhg==",
      "requires": {
        "@aws-cdk/aws-cloudwatch": "^0.37.0",
        "@aws-cdk/aws-ec2": "^0.37.0",
        "@aws-cdk/aws-events": "^0.37.0",
        "@aws-cdk/aws-iam": "^0.37.0",
        "@aws-cdk/aws-logs": "^0.37.0",
        "@aws-cdk/aws-s3": "^0.37.0",
        "@aws-cdk/aws-s3-assets": "^0.37.0",
        "@aws-cdk/aws-sqs": "^0.37.0",
        "@aws-cdk/core": "^0.37.0",
        "@aws-cdk/cx-api": "^0.37.0"
      }
    },
    "@aws-cdk/aws-logs": {
      "version": "0.37.0",
      "resolved": "https://registry.npmjs.org/@aws-cdk/aws-logs/-/aws-logs-0.37.0.tgz",
      "integrity": "sha512-yKJRKbuTWyllVqxWxyYpxriLZn6xeWQxBOFYQNKyQOmHqahsP9utgNPMGu/E3uRhNhb1mMqTbWe1LzXK/HrqHw==",
      "requires": {
        "@aws-cdk/aws-cloudwatch": "^0.37.0",
        "@aws-cdk/aws-iam": "^0.37.0",
        "@aws-cdk/core": "^0.37.0"
      }
    },
    "@aws-cdk/aws-route53": {
      "version": "0.37.0",
      "resolved": "https://registry.npmjs.org/@aws-cdk/aws-route53/-/aws-route53-0.37.0.tgz",
      "integrity": "sha512-tc4SIBxZXvXWFWVgQZq1Yj+sB52n4wrpAaFzHkpMkGX2+JQ4pfYl+11wlc72tuJjTEHy67j3EAU9wmT7gwwAeA==",
      "requires": {
        "@aws-cdk/aws-ec2": "^0.37.0",
        "@aws-cdk/aws-logs": "^0.37.0",
        "@aws-cdk/core": "^0.37.0",
        "@aws-cdk/cx-api": "^0.37.0"
      }
    },
    "@aws-cdk/aws-s3": {
      "version": "0.37.0",
      "resolved": "https://registry.npmjs.org/@aws-cdk/aws-s3/-/aws-s3-0.37.0.tgz",
      "integrity": "sha512-4Xy3LHtU6K4oS0KaK+ZbSoD9Hto/jQSjSF4mczrEMpgtLMu71L117Iwm+pT/0JAOeZbXSWHspvzbIpM3NrJmXQ==",
      "requires": {
        "@aws-cdk/aws-events": "^0.37.0",
        "@aws-cdk/aws-iam": "^0.37.0",
        "@aws-cdk/aws-kms": "^0.37.0",
        "@aws-cdk/core": "^0.37.0"
      }
    },
    "@aws-cdk/aws-s3-assets": {
      "version": "0.37.0",
      "resolved": "https://registry.npmjs.org/@aws-cdk/aws-s3-assets/-/aws-s3-assets-0.37.0.tgz",
      "integrity": "sha512-ISipjZP9hbyutZf6d6nKX3t6F2kFRrjD/QO41FKTWJ6BbjXHY5UjXjNsIgVCBNrWQYrBQHEv64kXtIaw8oV7zg==",
      "requires": {
        "@aws-cdk/assets": "^0.37.0",
        "@aws-cdk/aws-iam": "^0.37.0",
        "@aws-cdk/aws-s3": "^0.37.0",
        "@aws-cdk/core": "^0.37.0",
        "@aws-cdk/cx-api": "^0.37.0"
      }
    },
    "@aws-cdk/aws-sns": {
      "version": "0.37.0",
      "resolved": "https://registry.npmjs.org/@aws-cdk/aws-sns/-/aws-sns-0.37.0.tgz",
      "integrity": "sha512-RFsLle9bwMclerJTv8wML51xR9lncUx/+tita1l7FS/8pJBZWX/5g5NvGBISOwAcMKra7WyRAarlOrrePU+gLg==",
      "requires": {
        "@aws-cdk/aws-cloudwatch": "^0.37.0",
        "@aws-cdk/aws-events": "^0.37.0",
        "@aws-cdk/aws-iam": "^0.37.0",
        "@aws-cdk/core": "^0.37.0"
      }
    },
    "@aws-cdk/aws-sqs": {
      "version": "0.37.0",
      "resolved": "https://registry.npmjs.org/@aws-cdk/aws-sqs/-/aws-sqs-0.37.0.tgz",
      "integrity": "sha512-rxxA4NupPV1wvzg2W1Pa64H3EqKbFCu0/LVgmQ8G8/CRinUGK1M6PswEdVrGjW1Ee4S+lJBaBqRcUXa0988L5w==",
      "requires": {
        "@aws-cdk/aws-cloudwatch": "^0.37.0",
        "@aws-cdk/aws-iam": "^0.37.0",
        "@aws-cdk/aws-kms": "^0.37.0",
        "@aws-cdk/core": "^0.37.0"
      }
    },
    "@aws-cdk/aws-ssm": {
      "version": "0.37.0",
      "resolved": "https://registry.npmjs.org/@aws-cdk/aws-ssm/-/aws-ssm-0.37.0.tgz",
      "integrity": "sha512-B1Q3/IYObr85hAg/AhxtUDuLFXXWQ5Vf7p5hiu7l4GsQflj+mMhjh680WUz4m6ym4k7zLHvsxOSKgd5eqo0ANg==",
      "requires": {
        "@aws-cdk/aws-iam": "^0.37.0",
        "@aws-cdk/core": "^0.37.0",
        "@aws-cdk/cx-api": "^0.37.0"
      }
    },
    "@aws-cdk/core": {
      "version": "0.37.0",
      "resolved": "https://registry.npmjs.org/@aws-cdk/core/-/core-0.37.0.tgz",
      "integrity": "sha512-8AC2ym7JJq5UI8o8zIBhPuY9KmcZbrwXW5uQkgKPdiSsqScV9n1E8G1vPfWOra6K4mqcKJf01rM1nURHpM0vdA==",
      "requires": {
        "@aws-cdk/cx-api": "^0.37.0"
      }
    },
    "@aws-cdk/cx-api": {
      "version": "0.37.0",
      "resolved": "https://registry.npmjs.org/@aws-cdk/cx-api/-/cx-api-0.37.0.tgz",
      "integrity": "sha512-gh2rmfrijjo8WpVLT04aPB4tkttUMXWxuOgkpX8Egho9gdB/MSBvKVXexKYy5MRwwXLVVliamqRK1yS8G/03ew==",
      "requires": {
        "semver": "^6.1.1"
      },
      "dependencies": {
        "semver": {
          "version": "6.1.1",
          "bundled": true
        }
      }
    },
    "@aws-cdk/region-info": {
      "version": "0.37.0",
      "resolved": "https://registry.npmjs.org/@aws-cdk/region-info/-/region-info-0.37.0.tgz",
      "integrity": "sha512-/S2byNBowSWVRLridH9DRVGU5D8E2wbZxpj41ykHYqMVFW2q50m4R8gheclwkE/A+OLMKBK7EVeUlogO4856uA=="
    },
    "@types/node": {
      "version": "8.10.50",
      "resolved": "https://registry.npmjs.org/@types/node/-/node-8.10.50.tgz",
      "integrity": "sha512-+ZbcUwJdaBgOZpwXeT0v+gHC/jQbEfzoc9s4d0rN0JIKeQbuTrT+A2n1aQY6LpZjrLXJT7avVUqiCecCJeeZxA==",
      "dev": true
    },
    "typescript": {
      "version": "3.5.2",
      "resolved": "https://registry.npmjs.org/typescript/-/typescript-3.5.2.tgz",
      "integrity": "sha512-7KxJovlYhTX5RaRbUdkAXN1KUZ8PwWlTzQdHV6xNqvuFOs7+WBo10TQUqT19Q/Jz2hk5v9TQDIhyLhhJY4p5AA==",
      "dev": true
    }
  }
}
