{
  "name": "application-load-balancer",
  "version": "0.23.0",
  "lockfileVersion": 1,
  "requires": true,
  "dependencies": {
    "@aws-cdk/assets": {
      "version": "1.27.0",
      "resolved": "https://registry.npmjs.org/@aws-cdk/assets/-/assets-1.27.0.tgz",
      "integrity": "sha512-EmaWXPk/XFd+ZQsRTvCYfVb6hTKV6qzNOqI8PAEmwC+rqOj53g8TSxCqcl7hXfsnhFAIJ5698+p3fl9WbAQadQ==",
      "requires": {
        "@aws-cdk/core": "1.27.0",
        "@aws-cdk/cx-api": "1.27.0",
        "minimatch": "^3.0.4"
      },
      "dependencies": {
        "balanced-match": {
          "version": "1.0.0",
          "bundled": true
        },
        "brace-expansion": {
          "version": "1.1.11",
          "bundled": true,
          "requires": {
            "balanced-match": "^1.0.0",
            "concat-map": "0.0.1"
          }
        },
        "concat-map": {
          "version": "0.0.1",
          "bundled": true
        },
        "minimatch": {
          "version": "3.0.4",
          "bundled": true,
          "requires": {
            "brace-expansion": "^1.1.7"
          }
        }
      }
    },
    "@aws-cdk/aws-autoscaling": {
      "version": "1.27.0",
      "resolved": "https://registry.npmjs.org/@aws-cdk/aws-autoscaling/-/aws-autoscaling-1.27.0.tgz",
      "integrity": "sha512-c7HWN4opXT3dBLo0tYz7GclDAoanBbYKvu4l8r+mzPeDaQyLSAcFjHwYrXUO4PLGc6D8KYCb5IOnWo99wIczdw==",
      "requires": {
        "@aws-cdk/aws-autoscaling-common": "1.27.0",
        "@aws-cdk/aws-cloudwatch": "1.27.0",
        "@aws-cdk/aws-ec2": "1.27.0",
        "@aws-cdk/aws-elasticloadbalancing": "1.27.0",
        "@aws-cdk/aws-elasticloadbalancingv2": "1.27.0",
        "@aws-cdk/aws-iam": "1.27.0",
        "@aws-cdk/aws-sns": "1.27.0",
        "@aws-cdk/core": "1.27.0"
      }
    },
    "@aws-cdk/aws-autoscaling-common": {
      "version": "1.27.0",
      "resolved": "https://registry.npmjs.org/@aws-cdk/aws-autoscaling-common/-/aws-autoscaling-common-1.27.0.tgz",
      "integrity": "sha512-0bPUBK3khVMN3Zb6QKOTxcQxJfzZYYpOVK4+EEQ2miqStJAhrGUTQ2mdU3AWQhrms/RD6THlNU0s8lo+9cxetA==",
      "requires": {
        "@aws-cdk/aws-iam": "1.27.0",
        "@aws-cdk/core": "1.27.0"
      }
    },
    "@aws-cdk/aws-certificatemanager": {
      "version": "1.27.0",
      "resolved": "https://registry.npmjs.org/@aws-cdk/aws-certificatemanager/-/aws-certificatemanager-1.27.0.tgz",
      "integrity": "sha512-jnAYLzDuYQQ0H7wdJlW+LKjY8xEIaafnGhI07w3R31uG4zTBkpmlAhlVMlrm5go5PQNPmCQdZR/Ni2V7ME7+DQ==",
      "requires": {
        "@aws-cdk/aws-cloudformation": "1.27.0",
        "@aws-cdk/aws-iam": "1.27.0",
        "@aws-cdk/aws-lambda": "1.27.0",
        "@aws-cdk/aws-route53": "1.27.0",
        "@aws-cdk/core": "1.27.0"
      }
    },
    "@aws-cdk/aws-cloudformation": {
      "version": "1.27.0",
      "resolved": "https://registry.npmjs.org/@aws-cdk/aws-cloudformation/-/aws-cloudformation-1.27.0.tgz",
      "integrity": "sha512-dFbbueUUhIOxopNn9MZRosH71irL2kJajmlYkcIvhx/2yTaE9FwaerpDbRzoeTS9FJZTyFVZ77RLITo0zfF2ZA==",
      "requires": {
        "@aws-cdk/aws-iam": "1.27.0",
        "@aws-cdk/aws-lambda": "1.27.0",
        "@aws-cdk/aws-s3": "1.27.0",
        "@aws-cdk/aws-sns": "1.27.0",
        "@aws-cdk/core": "1.27.0",
        "@aws-cdk/cx-api": "1.27.0"
      }
    },
    "@aws-cdk/aws-cloudwatch": {
      "version": "1.27.0",
      "resolved": "https://registry.npmjs.org/@aws-cdk/aws-cloudwatch/-/aws-cloudwatch-1.27.0.tgz",
      "integrity": "sha512-oTriquHjSav0wnUorYRns/XmjwqcUbOdSWXtJ97/pnOl+C8Ma1KTWwldPzDzuDei0Zna19lhRblUNiTQhuRTOA==",
      "requires": {
        "@aws-cdk/aws-iam": "1.27.0",
        "@aws-cdk/core": "1.27.0"
      }
    },
    "@aws-cdk/aws-ec2": {
      "version": "1.27.0",
      "resolved": "https://registry.npmjs.org/@aws-cdk/aws-ec2/-/aws-ec2-1.27.0.tgz",
      "integrity": "sha512-hLDz/na6csLUXRlb4bxB/O/I2Q3hwdlmiG3MzN9Pl7ammRYCRR0H97XHUeFirXXQOgWmcCwWzWloay/yvFjR+w==",
      "requires": {
        "@aws-cdk/aws-cloudwatch": "1.27.0",
        "@aws-cdk/aws-iam": "1.27.0",
        "@aws-cdk/aws-logs": "1.27.0",
        "@aws-cdk/aws-s3": "1.27.0",
        "@aws-cdk/aws-ssm": "1.27.0",
        "@aws-cdk/core": "1.27.0",
        "@aws-cdk/cx-api": "1.27.0"
      }
    },
    "@aws-cdk/aws-elasticloadbalancing": {
      "version": "1.27.0",
      "resolved": "https://registry.npmjs.org/@aws-cdk/aws-elasticloadbalancing/-/aws-elasticloadbalancing-1.27.0.tgz",
      "integrity": "sha512-UWeC8uGI92QSUoKhwR9TDBFsRwjxcEZd/FK8Ga/yAcWUPCpFvabSv6g6FW8p62EkzdhjpmBg7/KGbEjDTiCc5Q==",
      "requires": {
        "@aws-cdk/aws-ec2": "1.27.0",
        "@aws-cdk/core": "1.27.0"
      }
    },
    "@aws-cdk/aws-elasticloadbalancingv2": {
      "version": "1.27.0",
      "resolved": "https://registry.npmjs.org/@aws-cdk/aws-elasticloadbalancingv2/-/aws-elasticloadbalancingv2-1.27.0.tgz",
      "integrity": "sha512-OnUYQUQeBaNm789Ytam6C+Ll0aXLcYvMG2hE0ezKTq3Zk84lWovYP7gDuF48ulBCIGu0j6wskVFpFodE70W0Sw==",
      "requires": {
        "@aws-cdk/aws-certificatemanager": "1.27.0",
        "@aws-cdk/aws-cloudwatch": "1.27.0",
        "@aws-cdk/aws-ec2": "1.27.0",
        "@aws-cdk/aws-iam": "1.27.0",
        "@aws-cdk/aws-lambda": "1.27.0",
        "@aws-cdk/aws-s3": "1.27.0",
        "@aws-cdk/core": "1.27.0"
      }
    },
    "@aws-cdk/aws-events": {
      "version": "1.27.0",
      "resolved": "https://registry.npmjs.org/@aws-cdk/aws-events/-/aws-events-1.27.0.tgz",
      "integrity": "sha512-fJrFecc/sUq3PKWejUBTzBi167XzY0HZx3WFR+jOwCTP3AoRQbqREGs7+7Xhivk5c258lrsF0YejKSgYsioDZA==",
      "requires": {
        "@aws-cdk/aws-iam": "1.27.0",
        "@aws-cdk/core": "1.27.0"
      }
    },
    "@aws-cdk/aws-iam": {
      "version": "1.27.0",
      "resolved": "https://registry.npmjs.org/@aws-cdk/aws-iam/-/aws-iam-1.27.0.tgz",
      "integrity": "sha512-KkI7m28JcuC+64biE0FOF/CNuk1nRPxzatUbXUc+ZKwcYV8NBONrRcTRENQLe9+FRQ554Vww7IEEgKwuLSXusg==",
      "requires": {
        "@aws-cdk/core": "1.27.0",
        "@aws-cdk/region-info": "1.27.0"
      }
    },
    "@aws-cdk/aws-kms": {
      "version": "1.27.0",
      "resolved": "https://registry.npmjs.org/@aws-cdk/aws-kms/-/aws-kms-1.27.0.tgz",
      "integrity": "sha512-wfSWL0SKCLGPQeiCGKKCh840kz4fVpBarhtOz9i2tkQP1OGfyZv5dTGGCs2VE6WzLBC6oRrx1hKjXG4URpYIGA==",
      "requires": {
        "@aws-cdk/aws-iam": "1.27.0",
        "@aws-cdk/core": "1.27.0"
      }
    },
    "@aws-cdk/aws-lambda": {
      "version": "1.27.0",
      "resolved": "https://registry.npmjs.org/@aws-cdk/aws-lambda/-/aws-lambda-1.27.0.tgz",
      "integrity": "sha512-qjW8SPMCz1ZUZursWJApRZsV6tV27xBQeDoSVH3Cdo39TkAYFAyxJzqszgkNW619JBQ2NRIxElJATsyHTRizCw==",
      "requires": {
        "@aws-cdk/aws-cloudwatch": "1.27.0",
        "@aws-cdk/aws-ec2": "1.27.0",
        "@aws-cdk/aws-events": "1.27.0",
        "@aws-cdk/aws-iam": "1.27.0",
        "@aws-cdk/aws-logs": "1.27.0",
        "@aws-cdk/aws-s3": "1.27.0",
        "@aws-cdk/aws-s3-assets": "1.27.0",
        "@aws-cdk/aws-sqs": "1.27.0",
        "@aws-cdk/core": "1.27.0",
        "@aws-cdk/cx-api": "1.27.0"
      }
    },
    "@aws-cdk/aws-logs": {
      "version": "1.27.0",
      "resolved": "https://registry.npmjs.org/@aws-cdk/aws-logs/-/aws-logs-1.27.0.tgz",
      "integrity": "sha512-9YNp+6a1Edk7Y49MyLfzBXAaUIKzNZyEKK07GsV547U8A4YMkThEm4PlCCDfWAbOrLgyb5yxVKSoDIVSt6MPIQ==",
      "requires": {
        "@aws-cdk/aws-cloudwatch": "1.27.0",
        "@aws-cdk/aws-iam": "1.27.0",
        "@aws-cdk/core": "1.27.0"
      }
    },
    "@aws-cdk/aws-route53": {
      "version": "1.27.0",
      "resolved": "https://registry.npmjs.org/@aws-cdk/aws-route53/-/aws-route53-1.27.0.tgz",
      "integrity": "sha512-/Y4HwkmBvEgKXXzLotZr3iOiPuAqca+EKjqV1tqL2E5wuIsANnTCb0dmj1rBe54XSkYgnd8Jdq6l+rCX7GYl3Q==",
      "requires": {
        "@aws-cdk/aws-ec2": "1.27.0",
        "@aws-cdk/aws-logs": "1.27.0",
        "@aws-cdk/core": "1.27.0",
        "@aws-cdk/cx-api": "1.27.0"
      }
    },
    "@aws-cdk/aws-s3": {
      "version": "1.27.0",
      "resolved": "https://registry.npmjs.org/@aws-cdk/aws-s3/-/aws-s3-1.27.0.tgz",
      "integrity": "sha512-fW6cSEWlMsrN+Tz3BmFrVH3yCF77uLYOc9wuV2t/7APS1+r22k/2dbTcRJiq9LX7qAjGH4nCTyfuulKzlnqwRA==",
      "requires": {
        "@aws-cdk/aws-events": "1.27.0",
        "@aws-cdk/aws-iam": "1.27.0",
        "@aws-cdk/aws-kms": "1.27.0",
        "@aws-cdk/core": "1.27.0"
      }
    },
    "@aws-cdk/aws-s3-assets": {
      "version": "1.27.0",
      "resolved": "https://registry.npmjs.org/@aws-cdk/aws-s3-assets/-/aws-s3-assets-1.27.0.tgz",
      "integrity": "sha512-b9G+jCOq2q4ZMQe4lCyYGFQY5qIt6yk+UiSEYIAKqLH08cJ6sOnIQ5lm0/xM6vCilbQ+WWg4Ad03yQkcH7Zgow==",
      "requires": {
        "@aws-cdk/assets": "1.27.0",
        "@aws-cdk/aws-iam": "1.27.0",
        "@aws-cdk/aws-s3": "1.27.0",
        "@aws-cdk/core": "1.27.0",
        "@aws-cdk/cx-api": "1.27.0"
      }
    },
    "@aws-cdk/aws-sns": {
      "version": "1.27.0",
      "resolved": "https://registry.npmjs.org/@aws-cdk/aws-sns/-/aws-sns-1.27.0.tgz",
      "integrity": "sha512-X39uyoYpB18xD5tln7R4xbQi9RCtDeF4xQc5wr54NNgqRA/fwEsUhtFB6llfwf++Juu52joAePcfimu+D3sp5A==",
      "requires": {
        "@aws-cdk/aws-cloudwatch": "1.27.0",
        "@aws-cdk/aws-events": "1.27.0",
        "@aws-cdk/aws-iam": "1.27.0",
        "@aws-cdk/aws-kms": "1.27.0",
        "@aws-cdk/core": "1.27.0"
      }
    },
    "@aws-cdk/aws-sqs": {
      "version": "1.27.0",
      "resolved": "https://registry.npmjs.org/@aws-cdk/aws-sqs/-/aws-sqs-1.27.0.tgz",
      "integrity": "sha512-DfL4MEIcMzrY6dz2dlHbZ2m/BP5cQCikTvioaQqmSPenbe/DYKbNaZoegkW+iKYie/Ygu6XEdkqVnx6k+WP8Xw==",
      "requires": {
        "@aws-cdk/aws-cloudwatch": "1.27.0",
        "@aws-cdk/aws-iam": "1.27.0",
        "@aws-cdk/aws-kms": "1.27.0",
        "@aws-cdk/core": "1.27.0"
      }
    },
    "@aws-cdk/aws-ssm": {
      "version": "1.27.0",
      "resolved": "https://registry.npmjs.org/@aws-cdk/aws-ssm/-/aws-ssm-1.27.0.tgz",
      "integrity": "sha512-+GwZ2CDUoZ2cJHMpbmSYpQQkqz55hvm2WcoDUk/4n2FMKANBTw+ovZag1fu4B9Be7mHiW6q1geYF5wReoVSaPQ==",
      "requires": {
        "@aws-cdk/aws-iam": "1.27.0",
        "@aws-cdk/aws-kms": "1.27.0",
        "@aws-cdk/core": "1.27.0",
        "@aws-cdk/cx-api": "1.27.0"
      }
    },
    "@aws-cdk/core": {
      "version": "1.27.0",
      "resolved": "https://registry.npmjs.org/@aws-cdk/core/-/core-1.27.0.tgz",
      "integrity": "sha512-RejU46I1ozZELsSrb2MMa7hmtBjGv5sppC7PYwTgAYVJTqMpPAQEYAriiW2yJDaKZr9FN/l3wTGyJID4VZSfcQ==",
      "requires": {
        "@aws-cdk/cx-api": "1.27.0"
      }
    },
    "@aws-cdk/cx-api": {
      "version": "1.27.0",
      "resolved": "https://registry.npmjs.org/@aws-cdk/cx-api/-/cx-api-1.27.0.tgz",
      "integrity": "sha512-CqWnXm/lCzRfUsXWh1/umN6G+akop++zMzCZrjsOa9LXdd8YJinibsYTUINJVVO7Dd0I8HtLNj+NaRiWAywadg==",
      "requires": {
        "semver": "^7.1.3"
      },
      "dependencies": {
        "semver": {
          "version": "7.1.3",
          "bundled": true
        }
      }
    },
    "@aws-cdk/region-info": {
      "version": "1.27.0",
      "resolved": "https://registry.npmjs.org/@aws-cdk/region-info/-/region-info-1.27.0.tgz",
      "integrity": "sha512-LlvzKZQjxUN/97u49WIM5y+qLQWiRhLUzwg53F9kvF8BGmPW6v6TW62yOAr6nfmQjtZkgu0FdTXA4qHyrM2H2g=="
    },
    "@types/node": {
      "version": "13.9.0",
      "resolved": "https://registry.npmjs.org/@types/node/-/node-13.9.0.tgz",
      "integrity": "sha512-0ARSQootUG1RljH2HncpsY2TJBfGQIKOOi7kxzUY6z54ePu/ZD+wJA8zI2Q6v8rol2qpG/rvqsReco8zNMPvhQ==",
      "dev": true
    },
    "typescript": {
      "version": "3.8.3",
      "resolved": "https://registry.npmjs.org/typescript/-/typescript-3.8.3.tgz",
      "integrity": "sha512-MYlEfn5VrLNsgudQTVJeNaQFUAI7DkhnOjdpAp4T+ku1TfQClewlbSuTVHiA+8skNBgaf02TL/kLOvig4y3G8w==",
      "dev": true
    }
  }
}
