{
  "name": "application-load-balancer",
  "version": "0.23.0",
  "lockfileVersion": 1,
  "requires": true,
  "dependencies": {
    "@aws-cdk/assets": {
      "version": "1.23.0",
      "resolved": "https://registry.npmjs.org/@aws-cdk/assets/-/assets-1.23.0.tgz",
      "integrity": "sha512-0u+AWYnc34sVr5TE69o5PDcFHrVqq3X14QcR0mOYom/hoquILV+5V/ESm7IoLO+FodWnzUgA1qMvW9GX8cwDAA==",
      "requires": {
        "@aws-cdk/core": "1.23.0",
        "@aws-cdk/cx-api": "1.23.0",
        "minimatch": "^3.0.4"
      },
      "dependencies": {
        "balanced-match": {
          "version": "1.0.0",
          "bundled": true
        },
        "brace-expansion": {
          "version": "1.1.11",
          "bundled": true,
          "requires": {
            "balanced-match": "^1.0.0",
            "concat-map": "0.0.1"
          }
        },
        "concat-map": {
          "version": "0.0.1",
          "bundled": true
        },
        "minimatch": {
          "version": "3.0.4",
          "bundled": true,
          "requires": {
            "brace-expansion": "^1.1.7"
          }
        }
      }
    },
    "@aws-cdk/aws-autoscaling": {
      "version": "1.23.0",
      "resolved": "https://registry.npmjs.org/@aws-cdk/aws-autoscaling/-/aws-autoscaling-1.23.0.tgz",
      "integrity": "sha512-2Gm2DWi6WJC1cULogju7ljcvS1hxaCN0Fwx4Kd1W6H1c6mnlqqm5ArxT/8yDRI4iFrrYtrGBIGJinvvk4ypaVQ==",
      "requires": {
        "@aws-cdk/aws-autoscaling-common": "1.23.0",
        "@aws-cdk/aws-cloudwatch": "1.23.0",
        "@aws-cdk/aws-ec2": "1.23.0",
        "@aws-cdk/aws-elasticloadbalancing": "1.23.0",
        "@aws-cdk/aws-elasticloadbalancingv2": "1.23.0",
        "@aws-cdk/aws-iam": "1.23.0",
        "@aws-cdk/aws-sns": "1.23.0",
        "@aws-cdk/core": "1.23.0"
      }
    },
    "@aws-cdk/aws-autoscaling-common": {
      "version": "1.23.0",
      "resolved": "https://registry.npmjs.org/@aws-cdk/aws-autoscaling-common/-/aws-autoscaling-common-1.23.0.tgz",
      "integrity": "sha512-ieeFKui3MFg6aOdg0BsoaTTwRSp8l+4aet+UCwczeBMTLvxRg3G7BBuhNWlN0q7yXuhQbRo3TsASpWvIxrUz5w==",
      "requires": {
        "@aws-cdk/aws-iam": "1.23.0",
        "@aws-cdk/core": "1.23.0"
      }
    },
    "@aws-cdk/aws-certificatemanager": {
      "version": "1.23.0",
      "resolved": "https://registry.npmjs.org/@aws-cdk/aws-certificatemanager/-/aws-certificatemanager-1.23.0.tgz",
      "integrity": "sha512-AB7DkEiIZL610GX6I6LMOVucudabYPP5iKIdcTOGiEdyGKEiBzgYieIXIoCmf+UBOHIUVAkB+1/kEfdU4YSrOg==",
      "requires": {
        "@aws-cdk/aws-cloudformation": "1.23.0",
        "@aws-cdk/aws-iam": "1.23.0",
        "@aws-cdk/aws-lambda": "1.23.0",
        "@aws-cdk/aws-route53": "1.23.0",
        "@aws-cdk/core": "1.23.0"
      }
    },
    "@aws-cdk/aws-cloudformation": {
      "version": "1.23.0",
      "resolved": "https://registry.npmjs.org/@aws-cdk/aws-cloudformation/-/aws-cloudformation-1.23.0.tgz",
      "integrity": "sha512-aXtUmtmGzK3x1aU7rl6EnM5oIEYjFv3GWrNdy2hdtFeJnGZyLK6dQ0wljaNVNWdAL8mivnOh27+kh3tkzm90Hw==",
      "requires": {
        "@aws-cdk/aws-iam": "1.23.0",
        "@aws-cdk/aws-lambda": "1.23.0",
        "@aws-cdk/aws-s3": "1.23.0",
        "@aws-cdk/aws-sns": "1.23.0",
        "@aws-cdk/core": "1.23.0",
        "@aws-cdk/cx-api": "1.23.0"
      }
    },
    "@aws-cdk/aws-cloudwatch": {
      "version": "1.23.0",
      "resolved": "https://registry.npmjs.org/@aws-cdk/aws-cloudwatch/-/aws-cloudwatch-1.23.0.tgz",
      "integrity": "sha512-JZEOfwpcHFqL5X8+Lj0BW23LcNlwH8MfI+DFXb9y2374knPCJQmRw92V/0SkcxtSUhPt7przDag0tsm0Eopkjw==",
      "requires": {
        "@aws-cdk/aws-iam": "1.23.0",
        "@aws-cdk/core": "1.23.0"
      }
    },
    "@aws-cdk/aws-ec2": {
      "version": "1.23.0",
      "resolved": "https://registry.npmjs.org/@aws-cdk/aws-ec2/-/aws-ec2-1.23.0.tgz",
      "integrity": "sha512-y4BHslIqFH9omrZKCa0fVw1xA3XvX2plPMnn+s68dQKLlhxFSrbHRC02SifrnBgrzl5ak0vPFlWY3AkzG0WA5Q==",
      "requires": {
        "@aws-cdk/aws-cloudwatch": "1.23.0",
        "@aws-cdk/aws-iam": "1.23.0",
        "@aws-cdk/aws-ssm": "1.23.0",
        "@aws-cdk/core": "1.23.0",
        "@aws-cdk/cx-api": "1.23.0"
      }
    },
    "@aws-cdk/aws-elasticloadbalancing": {
      "version": "1.23.0",
      "resolved": "https://registry.npmjs.org/@aws-cdk/aws-elasticloadbalancing/-/aws-elasticloadbalancing-1.23.0.tgz",
      "integrity": "sha512-bh+0dGSay1XmMDyyuB1E0Rf1J71ZNfmRamamc6U8ijt/vkyDcXr3RIIIoPnL6WE/oKJjI94TiSUUDRlFHUSzCQ==",
      "requires": {
        "@aws-cdk/aws-ec2": "1.23.0",
        "@aws-cdk/core": "1.23.0"
      }
    },
    "@aws-cdk/aws-elasticloadbalancingv2": {
      "version": "1.23.0",
      "resolved": "https://registry.npmjs.org/@aws-cdk/aws-elasticloadbalancingv2/-/aws-elasticloadbalancingv2-1.23.0.tgz",
      "integrity": "sha512-YjZR/uZbtLQnqOtor4cGFKIx6ZUI7/RWyVmgsNIi2MgjQt3inO+vjH8xcpnXKAGFWU8C3lrgLjWwztMZFjQGMw==",
      "requires": {
        "@aws-cdk/aws-certificatemanager": "1.23.0",
        "@aws-cdk/aws-cloudwatch": "1.23.0",
        "@aws-cdk/aws-ec2": "1.23.0",
        "@aws-cdk/aws-iam": "1.23.0",
        "@aws-cdk/aws-lambda": "1.23.0",
        "@aws-cdk/aws-s3": "1.23.0",
        "@aws-cdk/core": "1.23.0"
      }
    },
    "@aws-cdk/aws-events": {
      "version": "1.23.0",
      "resolved": "https://registry.npmjs.org/@aws-cdk/aws-events/-/aws-events-1.23.0.tgz",
      "integrity": "sha512-UStWoCIDPJUcjCpyenhSCGsVwNY5RtJ97/7jNayYlMTnccShIdAq76amjF58yEEQdECEyrmD7SyWDrC3RxiaqA==",
      "requires": {
        "@aws-cdk/aws-iam": "1.23.0",
        "@aws-cdk/core": "1.23.0"
      }
    },
    "@aws-cdk/aws-iam": {
      "version": "1.23.0",
      "resolved": "https://registry.npmjs.org/@aws-cdk/aws-iam/-/aws-iam-1.23.0.tgz",
      "integrity": "sha512-BRaPLnZGcd8nxuIiBynLLbuqN+2KfEnQIdsC0uqjDVpTDygQB9ic1ocmf0jugsZ1W4hS1oY8EaZY9v/TX3rQgQ==",
      "requires": {
        "@aws-cdk/core": "1.23.0",
        "@aws-cdk/region-info": "1.23.0"
      }
    },
    "@aws-cdk/aws-kms": {
      "version": "1.23.0",
      "resolved": "https://registry.npmjs.org/@aws-cdk/aws-kms/-/aws-kms-1.23.0.tgz",
      "integrity": "sha512-OPNoTefBuHY1RsWZlFTYs460o+iyVeWdOfjBPhlLATAja9yIjYhRH/XEbkhrNt/G/mxwqTJ61nLPWla85b8PCQ==",
      "requires": {
        "@aws-cdk/aws-iam": "1.23.0",
        "@aws-cdk/core": "1.23.0"
      }
    },
    "@aws-cdk/aws-lambda": {
      "version": "1.23.0",
      "resolved": "https://registry.npmjs.org/@aws-cdk/aws-lambda/-/aws-lambda-1.23.0.tgz",
      "integrity": "sha512-AM8rSnESD0FYKT3oUPe05b4uCJKATh0l+gdvyi6MT6bPs6ezu6hxdjMqI7ld2Alr7FCBNhE4+xYkyXVw3MF2dA==",
      "requires": {
        "@aws-cdk/aws-cloudwatch": "1.23.0",
        "@aws-cdk/aws-ec2": "1.23.0",
        "@aws-cdk/aws-events": "1.23.0",
        "@aws-cdk/aws-iam": "1.23.0",
        "@aws-cdk/aws-logs": "1.23.0",
        "@aws-cdk/aws-s3": "1.23.0",
        "@aws-cdk/aws-s3-assets": "1.23.0",
        "@aws-cdk/aws-sqs": "1.23.0",
        "@aws-cdk/core": "1.23.0",
        "@aws-cdk/cx-api": "1.23.0"
      }
    },
    "@aws-cdk/aws-logs": {
      "version": "1.23.0",
      "resolved": "https://registry.npmjs.org/@aws-cdk/aws-logs/-/aws-logs-1.23.0.tgz",
      "integrity": "sha512-+DDt1f8D8Z1IVtGeYOE7XP7DMCA1a3vLORKUY2LXC3vObcvSAlWLOxy+ACX6jg8L4D0k2qmcJrmCEEz3Aq/06A==",
      "requires": {
        "@aws-cdk/aws-cloudwatch": "1.23.0",
        "@aws-cdk/aws-iam": "1.23.0",
        "@aws-cdk/core": "1.23.0"
      }
    },
    "@aws-cdk/aws-route53": {
      "version": "1.23.0",
      "resolved": "https://registry.npmjs.org/@aws-cdk/aws-route53/-/aws-route53-1.23.0.tgz",
      "integrity": "sha512-PQBmATG2NaBrz26XNnClfNKDJqUn0KXvsnsB1I3cnzJ/AegGrO7SXJQTNhg7Iq+KnXPrcjKCvFpP26NtAIBtBw==",
      "requires": {
        "@aws-cdk/aws-ec2": "1.23.0",
        "@aws-cdk/aws-logs": "1.23.0",
        "@aws-cdk/core": "1.23.0",
        "@aws-cdk/cx-api": "1.23.0"
      }
    },
    "@aws-cdk/aws-s3": {
      "version": "1.23.0",
      "resolved": "https://registry.npmjs.org/@aws-cdk/aws-s3/-/aws-s3-1.23.0.tgz",
      "integrity": "sha512-d720BOVDPgo1AvHTHQujK5MVRc9eX4IE4ImO/TVSDdXumjAct4FB1xSSrk8Bm2vaN/9pQnG1bU5WlZ+f3R05pw==",
      "requires": {
        "@aws-cdk/aws-events": "1.23.0",
        "@aws-cdk/aws-iam": "1.23.0",
        "@aws-cdk/aws-kms": "1.23.0",
        "@aws-cdk/core": "1.23.0"
      }
    },
    "@aws-cdk/aws-s3-assets": {
      "version": "1.23.0",
      "resolved": "https://registry.npmjs.org/@aws-cdk/aws-s3-assets/-/aws-s3-assets-1.23.0.tgz",
      "integrity": "sha512-J77S9ht5xo2zeinyi4urGKZ7c8/ol5OCiwUtrVoWb2njzYXehshXyjJTPByD9VRzfHglet4/BabkqqjJetgSnA==",
      "requires": {
        "@aws-cdk/assets": "1.23.0",
        "@aws-cdk/aws-iam": "1.23.0",
        "@aws-cdk/aws-s3": "1.23.0",
        "@aws-cdk/core": "1.23.0",
        "@aws-cdk/cx-api": "1.23.0"
      }
    },
    "@aws-cdk/aws-sns": {
      "version": "1.23.0",
      "resolved": "https://registry.npmjs.org/@aws-cdk/aws-sns/-/aws-sns-1.23.0.tgz",
      "integrity": "sha512-ukBu+Y+ouew0Fbs//Zyne+9U315EAgb38Uz3yoW7HB0ZcLgUthRFJYVhitss7K6zRByQvDwb7vAQZsRlgLofUw==",
      "requires": {
        "@aws-cdk/aws-cloudwatch": "1.23.0",
        "@aws-cdk/aws-events": "1.23.0",
        "@aws-cdk/aws-iam": "1.23.0",
        "@aws-cdk/aws-kms": "1.23.0",
        "@aws-cdk/core": "1.23.0"
      }
    },
    "@aws-cdk/aws-sqs": {
      "version": "1.23.0",
      "resolved": "https://registry.npmjs.org/@aws-cdk/aws-sqs/-/aws-sqs-1.23.0.tgz",
      "integrity": "sha512-dRAQDS5HlebLYXIZVgB3/uAPkIxXa75TiOP1mYa8eunNV632LE4vRhalHurAnxzSV73ab1mwcpZhf3U9AZjsXg==",
      "requires": {
        "@aws-cdk/aws-cloudwatch": "1.23.0",
        "@aws-cdk/aws-iam": "1.23.0",
        "@aws-cdk/aws-kms": "1.23.0",
        "@aws-cdk/core": "1.23.0"
      }
    },
    "@aws-cdk/aws-ssm": {
      "version": "1.23.0",
      "resolved": "https://registry.npmjs.org/@aws-cdk/aws-ssm/-/aws-ssm-1.23.0.tgz",
      "integrity": "sha512-HnoYrlXxOJvcY676KtOZp7tWFuf2dL6VyxUFwAactF2Eq1h+qTihey5ZMAofl/OD2FM7mEFHsJAqHWyv5WOfqg==",
      "requires": {
        "@aws-cdk/aws-iam": "1.23.0",
        "@aws-cdk/aws-kms": "1.23.0",
        "@aws-cdk/core": "1.23.0",
        "@aws-cdk/cx-api": "1.23.0"
      }
    },
    "@aws-cdk/core": {
      "version": "1.23.0",
      "resolved": "https://registry.npmjs.org/@aws-cdk/core/-/core-1.23.0.tgz",
      "integrity": "sha512-Fip5/A6uYM3EsZKZknElTO0KM5M/6k1P0ZZgzda7MGmHXegw6MoHzM/zsAMIvpUAIdJlpko+1HgqtcOShRyKYg==",
      "requires": {
        "@aws-cdk/cx-api": "1.23.0"
      }
    },
    "@aws-cdk/cx-api": {
      "version": "1.23.0",
      "resolved": "https://registry.npmjs.org/@aws-cdk/cx-api/-/cx-api-1.23.0.tgz",
      "integrity": "sha512-xvGxAvBRgNgMhHwpSZ6XKL7p8mllGksglbJ2tp/ZVXpcUMqmKcOU0jvt/tto8VZShS24nO8nkAQmoL/PFlc44w==",
      "requires": {
        "semver": "^7.1.2"
      },
      "dependencies": {
        "semver": {
          "version": "7.1.2",
          "bundled": true
        }
      }
    },
    "@aws-cdk/region-info": {
      "version": "1.23.0",
      "resolved": "https://registry.npmjs.org/@aws-cdk/region-info/-/region-info-1.23.0.tgz",
      "integrity": "sha512-oJbvjsBHySi6p5c4kW3tjTEgb9eV7zfOW27wIKToRD57e3plbbjJluq3HVumyBxEEdSid4EWM1dnN0bQW2213Q=="
    },
    "@types/node": {
      "version": "13.7.0",
      "resolved": "https://registry.npmjs.org/@types/node/-/node-13.7.0.tgz",
      "integrity": "sha512-GnZbirvmqZUzMgkFn70c74OQpTTUcCzlhQliTzYjQMqg+hVKcDnxdL19Ne3UdYzdMA/+W3eb646FWn/ZaT1NfQ==",
      "dev": true
    },
    "typescript": {
      "version": "3.7.5",
      "resolved": "https://registry.npmjs.org/typescript/-/typescript-3.7.5.tgz",
      "integrity": "sha512-/P5lkRXkWHNAbcJIiHPfRoKqyd7bsyCma1hZNUGfn20qm64T6ZBlrzprymeu918H+mB/0rIg2gGK/BXkhhYgBw==",
      "dev": true
    }
  }
}
