{
  "name": "cdk-lambda-simple",
  "version": "0.1.0",
  "lockfileVersion": 1,
  "requires": true,
  "dependencies": {
    "@aws-cdk/assets": {
      "version": "0.37.0",
      "resolved": "https://registry.npmjs.org/@aws-cdk/assets/-/assets-0.37.0.tgz",
      "integrity": "sha512-i1ZA6gADLM66gl11zXFn5Q1MHJwGabHMXRnTI4Vvv31DMQEw4V5uJnkl6gzORrr5BaswFNrBrlF5sumVaaAgqg==",
      "requires": {
        "@aws-cdk/core": "^0.37.0",
        "@aws-cdk/cx-api": "^0.37.0",
        "minimatch": "^3.0.4"
      },
      "dependencies": {
        "balanced-match": {
          "version": "1.0.0",
          "bundled": true
        },
        "brace-expansion": {
          "version": "1.1.11",
          "bundled": true,
          "requires": {
            "balanced-match": "^1.0.0",
            "concat-map": "0.0.1"
          }
        },
        "concat-map": {
          "version": "0.0.1",
          "bundled": true
        },
        "minimatch": {
          "version": "3.0.4",
          "bundled": true,
          "requires": {
            "brace-expansion": "^1.1.7"
          }
        }
      }
    },
    "@aws-cdk/aws-cloudwatch": {
      "version": "0.37.0",
      "resolved": "https://registry.npmjs.org/@aws-cdk/aws-cloudwatch/-/aws-cloudwatch-0.37.0.tgz",
      "integrity": "sha512-TK9gnSamlGfkUqXCVVnqWK6aGEJUakGSe8yyd8ycq2bSjFk8cYHFDt+TXJwIOPKZoRJN2R0w/grz75wVVWkFsw==",
      "requires": {
        "@aws-cdk/aws-iam": "^0.37.0",
        "@aws-cdk/core": "^0.37.0"
      }
    },
    "@aws-cdk/aws-ec2": {
      "version": "0.37.0",
      "resolved": "https://registry.npmjs.org/@aws-cdk/aws-ec2/-/aws-ec2-0.37.0.tgz",
      "integrity": "sha512-olWJ3xiVHQ0QdF/ZNRn++HVVAh/SIrb5ovO333M5Qp79RuP/21toNO8v55bRachsL6bYuFI33bqKZy5u9yiT6Q==",
      "requires": {
        "@aws-cdk/aws-cloudwatch": "^0.37.0",
        "@aws-cdk/aws-iam": "^0.37.0",
        "@aws-cdk/aws-ssm": "^0.37.0",
        "@aws-cdk/core": "^0.37.0",
        "@aws-cdk/cx-api": "^0.37.0"
      }
    },
    "@aws-cdk/aws-events": {
      "version": "0.37.0",
      "resolved": "https://registry.npmjs.org/@aws-cdk/aws-events/-/aws-events-0.37.0.tgz",
      "integrity": "sha512-6d6uh6hLvUimXKqswbrrPh31sfHiAfj6/JTM5SJhr+dLVYj4RQP11lvn+Ga9JURPrFlqhb4IHz5ZOMZ+I9tH1A==",
      "requires": {
        "@aws-cdk/aws-iam": "^0.37.0",
        "@aws-cdk/core": "^0.37.0"
      }
    },
    "@aws-cdk/aws-iam": {
      "version": "0.37.0",
      "resolved": "https://registry.npmjs.org/@aws-cdk/aws-iam/-/aws-iam-0.37.0.tgz",
      "integrity": "sha512-XTJxshVnnEFy9b1ob5idBQGvmfnQT6T/wD3WefopvgwVaGRlonYqQEsgGAAdUefRzaHku/HIansKt12X6+N6Ww==",
      "requires": {
        "@aws-cdk/core": "^0.37.0",
        "@aws-cdk/region-info": "^0.37.0"
      }
    },
    "@aws-cdk/aws-kms": {
      "version": "0.37.0",
      "resolved": "https://registry.npmjs.org/@aws-cdk/aws-kms/-/aws-kms-0.37.0.tgz",
      "integrity": "sha512-CzUX4hzQ9mbbRrDYA2q5P6EsXvuyv2xBcTWsyiWL3uiDgT7FjcbzHY7xxWj9aA2hNQ8lmbkZquW9Lzfz0jDLvA==",
      "requires": {
        "@aws-cdk/aws-iam": "^0.37.0",
        "@aws-cdk/core": "^0.37.0"
      }
    },
    "@aws-cdk/aws-lambda": {
      "version": "0.37.0",
      "resolved": "https://registry.npmjs.org/@aws-cdk/aws-lambda/-/aws-lambda-0.37.0.tgz",
      "integrity": "sha512-cEGxDmoWiRK/XTc8deMYpwE7REkuTE/ba0KQDWqUUpBh02ZtSDmJoRBkxZHlquOi0OShqgQpBCo1yXNO2MWwhg==",
      "requires": {
        "@aws-cdk/aws-cloudwatch": "^0.37.0",
        "@aws-cdk/aws-ec2": "^0.37.0",
        "@aws-cdk/aws-events": "^0.37.0",
        "@aws-cdk/aws-iam": "^0.37.0",
        "@aws-cdk/aws-logs": "^0.37.0",
        "@aws-cdk/aws-s3": "^0.37.0",
        "@aws-cdk/aws-s3-assets": "^0.37.0",
        "@aws-cdk/aws-sqs": "^0.37.0",
        "@aws-cdk/core": "^0.37.0",
        "@aws-cdk/cx-api": "^0.37.0"
      }
    },
    "@aws-cdk/aws-logs": {
      "version": "0.37.0",
      "resolved": "https://registry.npmjs.org/@aws-cdk/aws-logs/-/aws-logs-0.37.0.tgz",
      "integrity": "sha512-yKJRKbuTWyllVqxWxyYpxriLZn6xeWQxBOFYQNKyQOmHqahsP9utgNPMGu/E3uRhNhb1mMqTbWe1LzXK/HrqHw==",
      "requires": {
        "@aws-cdk/aws-cloudwatch": "^0.37.0",
        "@aws-cdk/aws-iam": "^0.37.0",
        "@aws-cdk/core": "^0.37.0"
      }
    },
    "@aws-cdk/aws-s3": {
      "version": "0.37.0",
      "resolved": "https://registry.npmjs.org/@aws-cdk/aws-s3/-/aws-s3-0.37.0.tgz",
      "integrity": "sha512-4Xy3LHtU6K4oS0KaK+ZbSoD9Hto/jQSjSF4mczrEMpgtLMu71L117Iwm+pT/0JAOeZbXSWHspvzbIpM3NrJmXQ==",
      "requires": {
        "@aws-cdk/aws-events": "^0.37.0",
        "@aws-cdk/aws-iam": "^0.37.0",
        "@aws-cdk/aws-kms": "^0.37.0",
        "@aws-cdk/core": "^0.37.0"
      }
    },
    "@aws-cdk/aws-s3-assets": {
      "version": "0.37.0",
      "resolved": "https://registry.npmjs.org/@aws-cdk/aws-s3-assets/-/aws-s3-assets-0.37.0.tgz",
      "integrity": "sha512-ISipjZP9hbyutZf6d6nKX3t6F2kFRrjD/QO41FKTWJ6BbjXHY5UjXjNsIgVCBNrWQYrBQHEv64kXtIaw8oV7zg==",
      "requires": {
        "@aws-cdk/assets": "^0.37.0",
        "@aws-cdk/aws-iam": "^0.37.0",
        "@aws-cdk/aws-s3": "^0.37.0",
        "@aws-cdk/core": "^0.37.0",
        "@aws-cdk/cx-api": "^0.37.0"
      }
    },
    "@aws-cdk/aws-sqs": {
      "version": "0.37.0",
      "resolved": "https://registry.npmjs.org/@aws-cdk/aws-sqs/-/aws-sqs-0.37.0.tgz",
      "integrity": "sha512-rxxA4NupPV1wvzg2W1Pa64H3EqKbFCu0/LVgmQ8G8/CRinUGK1M6PswEdVrGjW1Ee4S+lJBaBqRcUXa0988L5w==",
      "requires": {
        "@aws-cdk/aws-cloudwatch": "^0.37.0",
        "@aws-cdk/aws-iam": "^0.37.0",
        "@aws-cdk/aws-kms": "^0.37.0",
        "@aws-cdk/core": "^0.37.0"
      }
    },
    "@aws-cdk/aws-ssm": {
      "version": "0.37.0",
      "resolved": "https://registry.npmjs.org/@aws-cdk/aws-ssm/-/aws-ssm-0.37.0.tgz",
      "integrity": "sha512-B1Q3/IYObr85hAg/AhxtUDuLFXXWQ5Vf7p5hiu7l4GsQflj+mMhjh680WUz4m6ym4k7zLHvsxOSKgd5eqo0ANg==",
      "requires": {
        "@aws-cdk/aws-iam": "^0.37.0",
        "@aws-cdk/core": "^0.37.0",
        "@aws-cdk/cx-api": "^0.37.0"
      }
    },
    "@aws-cdk/core": {
      "version": "0.37.0",
      "resolved": "https://registry.npmjs.org/@aws-cdk/core/-/core-0.37.0.tgz",
      "integrity": "sha512-8AC2ym7JJq5UI8o8zIBhPuY9KmcZbrwXW5uQkgKPdiSsqScV9n1E8G1vPfWOra6K4mqcKJf01rM1nURHpM0vdA==",
      "requires": {
        "@aws-cdk/cx-api": "^0.37.0"
      }
    },
    "@aws-cdk/cx-api": {
      "version": "0.37.0",
      "resolved": "https://registry.npmjs.org/@aws-cdk/cx-api/-/cx-api-0.37.0.tgz",
      "integrity": "sha512-gh2rmfrijjo8WpVLT04aPB4tkttUMXWxuOgkpX8Egho9gdB/MSBvKVXexKYy5MRwwXLVVliamqRK1yS8G/03ew==",
      "requires": {
        "semver": "^6.1.1"
      },
      "dependencies": {
        "semver": {
          "version": "6.1.1",
          "bundled": true
        }
      }
    },
    "@aws-cdk/region-info": {
      "version": "0.37.0",
      "resolved": "https://registry.npmjs.org/@aws-cdk/region-info/-/region-info-0.37.0.tgz",
      "integrity": "sha512-/S2byNBowSWVRLridH9DRVGU5D8E2wbZxpj41ykHYqMVFW2q50m4R8gheclwkE/A+OLMKBK7EVeUlogO4856uA=="
    },
    "@types/node": {
      "version": "8.10.45",
      "resolved": "https://registry.npmjs.org/@types/node/-/node-8.10.45.tgz",
      "integrity": "sha512-tGVTbA+i3qfXsLbq9rEq/hezaHY55QxQLeXQL2ejNgFAxxrgu8eMmYIOsRcl7hN1uTLVsKOOYacV/rcJM3sfgQ==",
      "dev": true
    },
    "buffer-from": {
      "version": "1.1.1",
      "resolved": "https://registry.npmjs.org/buffer-from/-/buffer-from-1.1.1.tgz",
      "integrity": "sha512-MQcXEUbCKtEo7bhqEs6560Hyd4XaovZlO/k9V3hjVUF/zwW7KBVdSK4gIt/bzwS9MbR5qob+F5jusZsb0YQK2A=="
    },
    "inherits": {
      "version": "2.0.3",
      "resolved": "https://registry.npmjs.org/inherits/-/inherits-2.0.3.tgz",
      "integrity": "sha1-Yzwsg+PaQqUC9SRmAiSA9CCCYd4="
    },
    "install": {
      "version": "0.12.2",
      "resolved": "https://registry.npmjs.org/install/-/install-0.12.2.tgz",
      "integrity": "sha512-+7thTb4Rpvs9mnlhHKGZFJbGOO6kyMgy+gg0sgM5vFzIFK0wrCYXqdlaM71Bi289DTuPHf61puMFsaZBcwDIrg=="
    },
    "path": {
      "version": "0.12.7",
      "resolved": "https://registry.npmjs.org/path/-/path-0.12.7.tgz",
      "integrity": "sha1-1NwqUGxM4hl+tIHr/NWzbAFAsQ8=",
      "requires": {
        "process": "^0.11.1",
        "util": "^0.10.3"
      }
    },
    "process": {
      "version": "0.11.10",
      "resolved": "https://registry.npmjs.org/process/-/process-0.11.10.tgz",
      "integrity": "sha1-czIwDoQBYb2j5podHZGn1LwW8YI="
    },
    "source-map": {
      "version": "0.6.1",
      "resolved": "https://registry.npmjs.org/source-map/-/source-map-0.6.1.tgz",
      "integrity": "sha512-UjgapumWlbMhkBgzT7Ykc5YXUT46F0iKu8SGXq0bcwP5dz/h0Plj6enJqjz1Zbq2l5WaqYnrVbwWOWMyF3F47g=="
    },
    "source-map-support": {
      "version": "0.5.12",
      "resolved": "https://registry.npmjs.org/source-map-support/-/source-map-support-0.5.12.tgz",
      "integrity": "sha512-4h2Pbvyy15EE02G+JOZpUCmqWJuqrs+sEkzewTm++BPi7Hvn/HwcqLAcNxYAyI0x13CpPPn+kMjl+hplXMHITQ==",
      "requires": {
        "buffer-from": "^1.0.0",
        "source-map": "^0.6.0"
      }
    },
    "typescript": {
      "version": "3.4.5",
      "resolved": "https://registry.npmjs.org/typescript/-/typescript-3.4.5.tgz",
      "integrity": "sha512-YycBxUb49UUhdNMU5aJ7z5Ej2XGmaIBL0x34vZ82fn3hGvD+bgrMrVDpatgz2f7YxUMJxMkbWxJZeAvDxVe7Vw==",
      "dev": true
    },
    "util": {
      "version": "0.10.4",
      "resolved": "https://registry.npmjs.org/util/-/util-0.10.4.tgz",
      "integrity": "sha512-0Pm9hTQ3se5ll1XihRic3FDIku70C+iHUdT/W926rSgHV5QgXsYbKZN8MSC3tJtSkhuROzvsQjAaFENRXr+19A==",
      "requires": {
        "inherits": "2.0.3"
      }
    }
  }
}
