{
  "name": "cdk-lambda-simple",
  "version": "0.1.0",
  "lockfileVersion": 1,
  "requires": true,
  "dependencies": {
    "@aws-cdk/assets": {
      "version": "1.17.1",
      "resolved": "https://registry.npmjs.org/@aws-cdk/assets/-/assets-1.17.1.tgz",
      "integrity": "sha512-DsjgwdGvzRxEichF21mUWMjtI3kMSpRJtD/7+nE1JU8m/cBdxfE8EhQ5UgrAewSaE5lT0/w7Ld0U6IY33KclKg==",
      "requires": {
        "@aws-cdk/core": "1.17.1",
        "@aws-cdk/cx-api": "1.17.1",
        "minimatch": "^3.0.4"
      },
      "dependencies": {
        "balanced-match": {
          "version": "1.0.0",
          "bundled": true
        },
        "brace-expansion": {
          "version": "1.1.11",
          "bundled": true,
          "requires": {
            "balanced-match": "^1.0.0",
            "concat-map": "0.0.1"
          }
        },
        "concat-map": {
          "version": "0.0.1",
          "bundled": true
        },
        "minimatch": {
          "version": "3.0.4",
          "bundled": true,
          "requires": {
            "brace-expansion": "^1.1.7"
          }
        }
      }
    },
    "@aws-cdk/aws-cloudwatch": {
      "version": "1.17.1",
      "resolved": "https://registry.npmjs.org/@aws-cdk/aws-cloudwatch/-/aws-cloudwatch-1.17.1.tgz",
      "integrity": "sha512-AXgsKnBbJWMn5ujBJbFYc38yEuawCY1akEXxr9/FXMXOtKV4IuhlMSR7ih12ZOyb67UAYbY+E4K2IFAGJnzk2w==",
      "requires": {
        "@aws-cdk/aws-iam": "1.17.1",
        "@aws-cdk/core": "1.17.1"
      }
    },
    "@aws-cdk/aws-ec2": {
      "version": "1.17.1",
      "resolved": "https://registry.npmjs.org/@aws-cdk/aws-ec2/-/aws-ec2-1.17.1.tgz",
      "integrity": "sha512-D2RU/jOKUzsa3S0uFnGjIG/h1kI6vJPprCB3C7D2E7nQn4jBg72Lm20VgnpInWKEhtHMCDlgDGO2AhyOdayYOw==",
      "requires": {
        "@aws-cdk/aws-cloudwatch": "1.17.1",
        "@aws-cdk/aws-iam": "1.17.1",
        "@aws-cdk/aws-ssm": "1.17.1",
        "@aws-cdk/core": "1.17.1",
        "@aws-cdk/cx-api": "1.17.1"
      }
    },
    "@aws-cdk/aws-events": {
      "version": "1.17.1",
      "resolved": "https://registry.npmjs.org/@aws-cdk/aws-events/-/aws-events-1.17.1.tgz",
      "integrity": "sha512-6kXMKmaAeQkaBnYtVxZG6FZ37LaD6YczAx/rs4gP5hVvHO/nOWjg1+UFf47h+uFtprKaNetuJUkLhwncqV7/7A==",
      "requires": {
        "@aws-cdk/aws-iam": "1.17.1",
        "@aws-cdk/core": "1.17.1"
      }
    },
    "@aws-cdk/aws-iam": {
      "version": "1.17.1",
      "resolved": "https://registry.npmjs.org/@aws-cdk/aws-iam/-/aws-iam-1.17.1.tgz",
      "integrity": "sha512-smuU0Tl4qVV51PsKeeRm+U4G32qL1j7OLb9SkoldtjWiXNKl4VUo6S0vE/rG72eO6+ooefrTruunpqa7nECf/A==",
      "requires": {
        "@aws-cdk/core": "1.17.1",
        "@aws-cdk/region-info": "1.17.1"
      }
    },
    "@aws-cdk/aws-kms": {
      "version": "1.17.1",
      "resolved": "https://registry.npmjs.org/@aws-cdk/aws-kms/-/aws-kms-1.17.1.tgz",
      "integrity": "sha512-tfWmYaphAmSu2DRgy3jwewtwW2IyEfSNOq4cA3vdP2cleYhF11+1UzDQyJ08BAWG12VjQxrWijZjjnDSPxT80w==",
      "requires": {
        "@aws-cdk/aws-iam": "1.17.1",
        "@aws-cdk/core": "1.17.1"
      }
    },
    "@aws-cdk/aws-lambda": {
      "version": "1.17.1",
      "resolved": "https://registry.npmjs.org/@aws-cdk/aws-lambda/-/aws-lambda-1.17.1.tgz",
      "integrity": "sha512-43BEJr1epeU0GLKiPIWGl6RO+b721jLZ5z03CAznTCWMYYOz/H7Upd9kGP53OhXZq0BjMlvZqwUI9fW06SVTnA==",
      "requires": {
        "@aws-cdk/aws-cloudwatch": "1.17.1",
        "@aws-cdk/aws-ec2": "1.17.1",
        "@aws-cdk/aws-events": "1.17.1",
        "@aws-cdk/aws-iam": "1.17.1",
        "@aws-cdk/aws-logs": "1.17.1",
        "@aws-cdk/aws-s3": "1.17.1",
        "@aws-cdk/aws-s3-assets": "1.17.1",
        "@aws-cdk/aws-sqs": "1.17.1",
        "@aws-cdk/core": "1.17.1",
        "@aws-cdk/cx-api": "1.17.1"
      }
    },
    "@aws-cdk/aws-logs": {
      "version": "1.17.1",
      "resolved": "https://registry.npmjs.org/@aws-cdk/aws-logs/-/aws-logs-1.17.1.tgz",
      "integrity": "sha512-JM7UjDZ4m3ShLwYakETU78sKq4LNNcy1/xUjyY+DPXEbLR7P/ce0XDwvehEhY5mJoQ+PgU5zFU0cZtLKpOeVrA==",
      "requires": {
        "@aws-cdk/aws-cloudwatch": "1.17.1",
        "@aws-cdk/aws-iam": "1.17.1",
        "@aws-cdk/core": "1.17.1"
      }
    },
    "@aws-cdk/aws-s3": {
      "version": "1.17.1",
      "resolved": "https://registry.npmjs.org/@aws-cdk/aws-s3/-/aws-s3-1.17.1.tgz",
      "integrity": "sha512-ZA8wJwIq2mzsD279B8n6zABkRZ2WSdr8IShG/2EIfTyy2pTiCmckOYMTYaHtCbdMB7be6dlYgsOanP/Q2FO96Q==",
      "requires": {
        "@aws-cdk/aws-events": "1.17.1",
        "@aws-cdk/aws-iam": "1.17.1",
        "@aws-cdk/aws-kms": "1.17.1",
        "@aws-cdk/core": "1.17.1"
      }
    },
    "@aws-cdk/aws-s3-assets": {
      "version": "1.17.1",
      "resolved": "https://registry.npmjs.org/@aws-cdk/aws-s3-assets/-/aws-s3-assets-1.17.1.tgz",
      "integrity": "sha512-XyVoHWrsRC3FoCs45VrXYV4QiWsMWWQ2kIMVvkG3KK/WEglzTHc0YkE+FbeypN8oBlnh81/e7i1P7w8fQbEQVA==",
      "requires": {
        "@aws-cdk/assets": "1.17.1",
        "@aws-cdk/aws-iam": "1.17.1",
        "@aws-cdk/aws-s3": "1.17.1",
        "@aws-cdk/core": "1.17.1",
        "@aws-cdk/cx-api": "1.17.1"
      }
    },
    "@aws-cdk/aws-sqs": {
      "version": "1.17.1",
      "resolved": "https://registry.npmjs.org/@aws-cdk/aws-sqs/-/aws-sqs-1.17.1.tgz",
      "integrity": "sha512-mQ7ndsDQVV6ZrAN3CruqM+XYbH2WLY6kzRbL1esHt3ZwdvIlbG7uuEq26hrOVU9TX3+oYRyEht/BXPpgDuRpdg==",
      "requires": {
        "@aws-cdk/aws-cloudwatch": "1.17.1",
        "@aws-cdk/aws-iam": "1.17.1",
        "@aws-cdk/aws-kms": "1.17.1",
        "@aws-cdk/core": "1.17.1"
      }
    },
    "@aws-cdk/aws-ssm": {
      "version": "1.17.1",
      "resolved": "https://registry.npmjs.org/@aws-cdk/aws-ssm/-/aws-ssm-1.17.1.tgz",
      "integrity": "sha512-8OOn4NUK7pO9OOJvN4TumiPn3AH4o6n2/Lfo5olX9k9hGHKqGydmVcyvPNMsv94/Iz1mMGGgrIWcUfXe5tHNHA==",
      "requires": {
        "@aws-cdk/aws-iam": "1.17.1",
        "@aws-cdk/aws-kms": "1.17.1",
        "@aws-cdk/core": "1.17.1",
        "@aws-cdk/cx-api": "1.17.1"
      }
    },
    "@aws-cdk/core": {
      "version": "1.17.1",
      "resolved": "https://registry.npmjs.org/@aws-cdk/core/-/core-1.17.1.tgz",
      "integrity": "sha512-MY9LvBeuoQ5bsapHxXkmTWefXxQMNbb2A3oSgYIRleA3VI5panBoccW8JQQdmG+r6kU9bMVLVvBDT9WKvEOSXQ==",
      "requires": {
        "@aws-cdk/cx-api": "1.17.1"
      }
    },
    "@aws-cdk/cx-api": {
      "version": "1.17.1",
      "resolved": "https://registry.npmjs.org/@aws-cdk/cx-api/-/cx-api-1.17.1.tgz",
      "integrity": "sha512-3aGO5AGgVs+bDMp8fCqT9D7YqklN8KzdG4KgrHDYzqlhRxLQ0+VpruyqcYNktM5WTyQWGlwYLU1PMnw89fSDYQ==",
      "requires": {
        "semver": "^6.3.0"
      },
      "dependencies": {
        "semver": {
          "version": "6.3.0",
          "bundled": true
        }
      }
    },
    "@aws-cdk/region-info": {
      "version": "1.17.1",
      "resolved": "https://registry.npmjs.org/@aws-cdk/region-info/-/region-info-1.17.1.tgz",
      "integrity": "sha512-7zhAfFbLlX8LRJtkpb9+3erMTKY7N8zICgcgsQF1RxJD09ZBy7+Ad7TXcUZGbCmqJgYQFCYFrlyI+6NfGGZraw=="
    },
    "@types/node": {
      "version": "12.12.11",
      "resolved": "https://registry.npmjs.org/@types/node/-/node-12.12.11.tgz",
      "integrity": "sha512-O+x6uIpa6oMNTkPuHDa9MhMMehlxLAd5QcOvKRjAFsBVpeFWTOPnXbDvILvFgFFZfQ1xh1EZi1FbXxUix+zpsQ==",
      "dev": true
    },
    "buffer-from": {
      "version": "1.1.1",
      "resolved": "https://registry.npmjs.org/buffer-from/-/buffer-from-1.1.1.tgz",
      "integrity": "sha512-MQcXEUbCKtEo7bhqEs6560Hyd4XaovZlO/k9V3hjVUF/zwW7KBVdSK4gIt/bzwS9MbR5qob+F5jusZsb0YQK2A=="
    },
    "inherits": {
      "version": "2.0.3",
      "resolved": "https://registry.npmjs.org/inherits/-/inherits-2.0.3.tgz",
      "integrity": "sha1-Yzwsg+PaQqUC9SRmAiSA9CCCYd4="
    },
    "install": {
      "version": "0.13.0",
      "resolved": "https://registry.npmjs.org/install/-/install-0.13.0.tgz",
      "integrity": "sha512-zDml/jzr2PKU9I8J/xyZBQn8rPCAY//UOYNmR01XwNwyfhEWObo2SWfSl1+0tm1u6PhxLwDnfsT/6jB7OUxqFA=="
    },
    "path": {
      "version": "0.12.7",
      "resolved": "https://registry.npmjs.org/path/-/path-0.12.7.tgz",
      "integrity": "sha1-1NwqUGxM4hl+tIHr/NWzbAFAsQ8=",
      "requires": {
        "process": "^0.11.1",
        "util": "^0.10.3"
      }
    },
    "process": {
      "version": "0.11.10",
      "resolved": "https://registry.npmjs.org/process/-/process-0.11.10.tgz",
      "integrity": "sha1-czIwDoQBYb2j5podHZGn1LwW8YI="
    },
    "source-map": {
      "version": "0.6.1",
      "resolved": "https://registry.npmjs.org/source-map/-/source-map-0.6.1.tgz",
      "integrity": "sha512-UjgapumWlbMhkBgzT7Ykc5YXUT46F0iKu8SGXq0bcwP5dz/h0Plj6enJqjz1Zbq2l5WaqYnrVbwWOWMyF3F47g=="
    },
    "source-map-support": {
      "version": "0.5.16",
      "resolved": "https://registry.npmjs.org/source-map-support/-/source-map-support-0.5.16.tgz",
      "integrity": "sha512-efyLRJDr68D9hBBNIPWFjhpFzURh+KJykQwvMyW5UiZzYwoF6l4YMMDIJJEyFWxWCqfyxLzz6tSfUFR+kXXsVQ==",
      "requires": {
        "buffer-from": "^1.0.0",
        "source-map": "^0.6.0"
      }
    },
    "typescript": {
      "version": "3.7.2",
      "resolved": "https://registry.npmjs.org/typescript/-/typescript-3.7.2.tgz",
      "integrity": "sha512-ml7V7JfiN2Xwvcer+XAf2csGO1bPBdRbFCkYBczNZggrBZ9c7G3riSUeJmqEU5uOtXNPMhE3n+R4FA/3YOAWOQ==",
      "dev": true
    },
    "util": {
      "version": "0.10.4",
      "resolved": "https://registry.npmjs.org/util/-/util-0.10.4.tgz",
      "integrity": "sha512-0Pm9hTQ3se5ll1XihRic3FDIku70C+iHUdT/W926rSgHV5QgXsYbKZN8MSC3tJtSkhuROzvsQjAaFENRXr+19A==",
      "requires": {
        "inherits": "2.0.3"
      }
    }
  }
}
