{
  "name": "cdk-lambda-simple",
  "version": "0.1.0",
  "lockfileVersion": 1,
  "requires": true,
  "dependencies": {
    "@aws-cdk/assets": {
      "version": "1.23.0",
      "resolved": "https://registry.npmjs.org/@aws-cdk/assets/-/assets-1.23.0.tgz",
      "integrity": "sha512-0u+AWYnc34sVr5TE69o5PDcFHrVqq3X14QcR0mOYom/hoquILV+5V/ESm7IoLO+FodWnzUgA1qMvW9GX8cwDAA==",
      "requires": {
        "@aws-cdk/core": "1.23.0",
        "@aws-cdk/cx-api": "1.23.0",
        "minimatch": "^3.0.4"
      },
      "dependencies": {
        "balanced-match": {
          "version": "1.0.0",
          "bundled": true
        },
        "brace-expansion": {
          "version": "1.1.11",
          "bundled": true,
          "requires": {
            "balanced-match": "^1.0.0",
            "concat-map": "0.0.1"
          }
        },
        "concat-map": {
          "version": "0.0.1",
          "bundled": true
        },
        "minimatch": {
          "version": "3.0.4",
          "bundled": true,
          "requires": {
            "brace-expansion": "^1.1.7"
          }
        }
      }
    },
    "@aws-cdk/aws-cloudwatch": {
      "version": "1.23.0",
      "resolved": "https://registry.npmjs.org/@aws-cdk/aws-cloudwatch/-/aws-cloudwatch-1.23.0.tgz",
      "integrity": "sha512-JZEOfwpcHFqL5X8+Lj0BW23LcNlwH8MfI+DFXb9y2374knPCJQmRw92V/0SkcxtSUhPt7przDag0tsm0Eopkjw==",
      "requires": {
        "@aws-cdk/aws-iam": "1.23.0",
        "@aws-cdk/core": "1.23.0"
      }
    },
    "@aws-cdk/aws-ec2": {
      "version": "1.23.0",
      "resolved": "https://registry.npmjs.org/@aws-cdk/aws-ec2/-/aws-ec2-1.23.0.tgz",
      "integrity": "sha512-y4BHslIqFH9omrZKCa0fVw1xA3XvX2plPMnn+s68dQKLlhxFSrbHRC02SifrnBgrzl5ak0vPFlWY3AkzG0WA5Q==",
      "requires": {
        "@aws-cdk/aws-cloudwatch": "1.23.0",
        "@aws-cdk/aws-iam": "1.23.0",
        "@aws-cdk/aws-ssm": "1.23.0",
        "@aws-cdk/core": "1.23.0",
        "@aws-cdk/cx-api": "1.23.0"
      }
    },
    "@aws-cdk/aws-events": {
      "version": "1.23.0",
      "resolved": "https://registry.npmjs.org/@aws-cdk/aws-events/-/aws-events-1.23.0.tgz",
      "integrity": "sha512-UStWoCIDPJUcjCpyenhSCGsVwNY5RtJ97/7jNayYlMTnccShIdAq76amjF58yEEQdECEyrmD7SyWDrC3RxiaqA==",
      "requires": {
        "@aws-cdk/aws-iam": "1.23.0",
        "@aws-cdk/core": "1.23.0"
      }
    },
    "@aws-cdk/aws-iam": {
      "version": "1.23.0",
      "resolved": "https://registry.npmjs.org/@aws-cdk/aws-iam/-/aws-iam-1.23.0.tgz",
      "integrity": "sha512-BRaPLnZGcd8nxuIiBynLLbuqN+2KfEnQIdsC0uqjDVpTDygQB9ic1ocmf0jugsZ1W4hS1oY8EaZY9v/TX3rQgQ==",
      "requires": {
        "@aws-cdk/core": "1.23.0",
        "@aws-cdk/region-info": "1.23.0"
      }
    },
    "@aws-cdk/aws-kms": {
      "version": "1.23.0",
      "resolved": "https://registry.npmjs.org/@aws-cdk/aws-kms/-/aws-kms-1.23.0.tgz",
      "integrity": "sha512-OPNoTefBuHY1RsWZlFTYs460o+iyVeWdOfjBPhlLATAja9yIjYhRH/XEbkhrNt/G/mxwqTJ61nLPWla85b8PCQ==",
      "requires": {
        "@aws-cdk/aws-iam": "1.23.0",
        "@aws-cdk/core": "1.23.0"
      }
    },
    "@aws-cdk/aws-lambda": {
      "version": "1.23.0",
      "resolved": "https://registry.npmjs.org/@aws-cdk/aws-lambda/-/aws-lambda-1.23.0.tgz",
      "integrity": "sha512-AM8rSnESD0FYKT3oUPe05b4uCJKATh0l+gdvyi6MT6bPs6ezu6hxdjMqI7ld2Alr7FCBNhE4+xYkyXVw3MF2dA==",
      "requires": {
        "@aws-cdk/aws-cloudwatch": "1.23.0",
        "@aws-cdk/aws-ec2": "1.23.0",
        "@aws-cdk/aws-events": "1.23.0",
        "@aws-cdk/aws-iam": "1.23.0",
        "@aws-cdk/aws-logs": "1.23.0",
        "@aws-cdk/aws-s3": "1.23.0",
        "@aws-cdk/aws-s3-assets": "1.23.0",
        "@aws-cdk/aws-sqs": "1.23.0",
        "@aws-cdk/core": "1.23.0",
        "@aws-cdk/cx-api": "1.23.0"
      }
    },
    "@aws-cdk/aws-logs": {
      "version": "1.23.0",
      "resolved": "https://registry.npmjs.org/@aws-cdk/aws-logs/-/aws-logs-1.23.0.tgz",
      "integrity": "sha512-+DDt1f8D8Z1IVtGeYOE7XP7DMCA1a3vLORKUY2LXC3vObcvSAlWLOxy+ACX6jg8L4D0k2qmcJrmCEEz3Aq/06A==",
      "requires": {
        "@aws-cdk/aws-cloudwatch": "1.23.0",
        "@aws-cdk/aws-iam": "1.23.0",
        "@aws-cdk/core": "1.23.0"
      }
    },
    "@aws-cdk/aws-s3": {
      "version": "1.23.0",
      "resolved": "https://registry.npmjs.org/@aws-cdk/aws-s3/-/aws-s3-1.23.0.tgz",
      "integrity": "sha512-d720BOVDPgo1AvHTHQujK5MVRc9eX4IE4ImO/TVSDdXumjAct4FB1xSSrk8Bm2vaN/9pQnG1bU5WlZ+f3R05pw==",
      "requires": {
        "@aws-cdk/aws-events": "1.23.0",
        "@aws-cdk/aws-iam": "1.23.0",
        "@aws-cdk/aws-kms": "1.23.0",
        "@aws-cdk/core": "1.23.0"
      }
    },
    "@aws-cdk/aws-s3-assets": {
      "version": "1.23.0",
      "resolved": "https://registry.npmjs.org/@aws-cdk/aws-s3-assets/-/aws-s3-assets-1.23.0.tgz",
      "integrity": "sha512-J77S9ht5xo2zeinyi4urGKZ7c8/ol5OCiwUtrVoWb2njzYXehshXyjJTPByD9VRzfHglet4/BabkqqjJetgSnA==",
      "requires": {
        "@aws-cdk/assets": "1.23.0",
        "@aws-cdk/aws-iam": "1.23.0",
        "@aws-cdk/aws-s3": "1.23.0",
        "@aws-cdk/core": "1.23.0",
        "@aws-cdk/cx-api": "1.23.0"
      }
    },
    "@aws-cdk/aws-sqs": {
      "version": "1.23.0",
      "resolved": "https://registry.npmjs.org/@aws-cdk/aws-sqs/-/aws-sqs-1.23.0.tgz",
      "integrity": "sha512-dRAQDS5HlebLYXIZVgB3/uAPkIxXa75TiOP1mYa8eunNV632LE4vRhalHurAnxzSV73ab1mwcpZhf3U9AZjsXg==",
      "requires": {
        "@aws-cdk/aws-cloudwatch": "1.23.0",
        "@aws-cdk/aws-iam": "1.23.0",
        "@aws-cdk/aws-kms": "1.23.0",
        "@aws-cdk/core": "1.23.0"
      }
    },
    "@aws-cdk/aws-ssm": {
      "version": "1.23.0",
      "resolved": "https://registry.npmjs.org/@aws-cdk/aws-ssm/-/aws-ssm-1.23.0.tgz",
      "integrity": "sha512-HnoYrlXxOJvcY676KtOZp7tWFuf2dL6VyxUFwAactF2Eq1h+qTihey5ZMAofl/OD2FM7mEFHsJAqHWyv5WOfqg==",
      "requires": {
        "@aws-cdk/aws-iam": "1.23.0",
        "@aws-cdk/aws-kms": "1.23.0",
        "@aws-cdk/core": "1.23.0",
        "@aws-cdk/cx-api": "1.23.0"
      }
    },
    "@aws-cdk/core": {
      "version": "1.23.0",
      "resolved": "https://registry.npmjs.org/@aws-cdk/core/-/core-1.23.0.tgz",
      "integrity": "sha512-Fip5/A6uYM3EsZKZknElTO0KM5M/6k1P0ZZgzda7MGmHXegw6MoHzM/zsAMIvpUAIdJlpko+1HgqtcOShRyKYg==",
      "requires": {
        "@aws-cdk/cx-api": "1.23.0"
      }
    },
    "@aws-cdk/cx-api": {
      "version": "1.23.0",
      "resolved": "https://registry.npmjs.org/@aws-cdk/cx-api/-/cx-api-1.23.0.tgz",
      "integrity": "sha512-xvGxAvBRgNgMhHwpSZ6XKL7p8mllGksglbJ2tp/ZVXpcUMqmKcOU0jvt/tto8VZShS24nO8nkAQmoL/PFlc44w==",
      "requires": {
        "semver": "^7.1.2"
      },
      "dependencies": {
        "semver": {
          "version": "7.1.2",
          "bundled": true
        }
      }
    },
    "@aws-cdk/region-info": {
      "version": "1.23.0",
      "resolved": "https://registry.npmjs.org/@aws-cdk/region-info/-/region-info-1.23.0.tgz",
      "integrity": "sha512-oJbvjsBHySi6p5c4kW3tjTEgb9eV7zfOW27wIKToRD57e3plbbjJluq3HVumyBxEEdSid4EWM1dnN0bQW2213Q=="
    },
    "@types/node": {
      "version": "13.7.0",
      "resolved": "https://registry.npmjs.org/@types/node/-/node-13.7.0.tgz",
      "integrity": "sha512-GnZbirvmqZUzMgkFn70c74OQpTTUcCzlhQliTzYjQMqg+hVKcDnxdL19Ne3UdYzdMA/+W3eb646FWn/ZaT1NfQ==",
      "dev": true
    },
    "buffer-from": {
      "version": "1.1.1",
      "resolved": "https://registry.npmjs.org/buffer-from/-/buffer-from-1.1.1.tgz",
      "integrity": "sha512-MQcXEUbCKtEo7bhqEs6560Hyd4XaovZlO/k9V3hjVUF/zwW7KBVdSK4gIt/bzwS9MbR5qob+F5jusZsb0YQK2A=="
    },
    "inherits": {
      "version": "2.0.3",
      "resolved": "https://registry.npmjs.org/inherits/-/inherits-2.0.3.tgz",
      "integrity": "sha1-Yzwsg+PaQqUC9SRmAiSA9CCCYd4="
    },
    "install": {
      "version": "0.13.0",
      "resolved": "https://registry.npmjs.org/install/-/install-0.13.0.tgz",
      "integrity": "sha512-zDml/jzr2PKU9I8J/xyZBQn8rPCAY//UOYNmR01XwNwyfhEWObo2SWfSl1+0tm1u6PhxLwDnfsT/6jB7OUxqFA=="
    },
    "path": {
      "version": "0.12.7",
      "resolved": "https://registry.npmjs.org/path/-/path-0.12.7.tgz",
      "integrity": "sha1-1NwqUGxM4hl+tIHr/NWzbAFAsQ8=",
      "requires": {
        "process": "^0.11.1",
        "util": "^0.10.3"
      }
    },
    "process": {
      "version": "0.11.10",
      "resolved": "https://registry.npmjs.org/process/-/process-0.11.10.tgz",
      "integrity": "sha1-czIwDoQBYb2j5podHZGn1LwW8YI="
    },
    "source-map": {
      "version": "0.6.1",
      "resolved": "https://registry.npmjs.org/source-map/-/source-map-0.6.1.tgz",
      "integrity": "sha512-UjgapumWlbMhkBgzT7Ykc5YXUT46F0iKu8SGXq0bcwP5dz/h0Plj6enJqjz1Zbq2l5WaqYnrVbwWOWMyF3F47g=="
    },
    "source-map-support": {
      "version": "0.5.16",
      "resolved": "https://registry.npmjs.org/source-map-support/-/source-map-support-0.5.16.tgz",
      "integrity": "sha512-efyLRJDr68D9hBBNIPWFjhpFzURh+KJykQwvMyW5UiZzYwoF6l4YMMDIJJEyFWxWCqfyxLzz6tSfUFR+kXXsVQ==",
      "requires": {
        "buffer-from": "^1.0.0",
        "source-map": "^0.6.0"
      }
    },
    "typescript": {
      "version": "3.7.5",
      "resolved": "https://registry.npmjs.org/typescript/-/typescript-3.7.5.tgz",
      "integrity": "sha512-/P5lkRXkWHNAbcJIiHPfRoKqyd7bsyCma1hZNUGfn20qm64T6ZBlrzprymeu918H+mB/0rIg2gGK/BXkhhYgBw==",
      "dev": true
    },
    "util": {
      "version": "0.10.4",
      "resolved": "https://registry.npmjs.org/util/-/util-0.10.4.tgz",
      "integrity": "sha512-0Pm9hTQ3se5ll1XihRic3FDIku70C+iHUdT/W926rSgHV5QgXsYbKZN8MSC3tJtSkhuROzvsQjAaFENRXr+19A==",
      "requires": {
        "inherits": "2.0.3"
      }
    }
  }
}
