'@aws-cdk/aws-cloudwatch':
 _latest: 1.14.0
 _:
  1.14.0: 1.14.0
 1.14.0:
  $: sha512-xe163I6pGiChxGXzO3hYxbp/9y+KcxKtYxlTyl6QOrkPhM1sQ7rVxfJgSGLb9xTy1ex29r0MrmQtJ/S9pd1Lyg==
  _: 'https://registry.npmjs.org/@aws-cdk/aws-cloudwatch/-/aws-cloudwatch-1.14.0.tgz'
  dependencies:
   '@aws-cdk/aws-iam': 1.14.0
   '@aws-cdk/core': 1.14.0
  peerDependencies:
   '@aws-cdk/aws-iam': 1.14.0
   '@aws-cdk/core': 1.14.0
'@aws-cdk/aws-ec2':
 _latest: 1.14.0
 _:
  1.14.x: 1.14.0
 1.14.0:
  top: 1
  $: sha512-UfhBUYq2e1aokO0nyU8KzzhSz7lz67Wf9RdqoPp4gb8FakS5wHCBvMyHqmwTXXdH4Vl6FYiVp69bWt2ANmc+jw==
  _: 'https://registry.npmjs.org/@aws-cdk/aws-ec2/-/aws-ec2-1.14.0.tgz'
  dependencies:
   '@aws-cdk/aws-cloudwatch': 1.14.0
   '@aws-cdk/aws-iam': 1.14.0
   '@aws-cdk/aws-ssm': 1.14.0
   '@aws-cdk/core': 1.14.0
   '@aws-cdk/cx-api': 1.14.0
  peerDependencies:
   '@aws-cdk/aws-cloudwatch': 1.14.0
   '@aws-cdk/aws-iam': 1.14.0
   '@aws-cdk/aws-ssm': 1.14.0
   '@aws-cdk/core': 1.14.0
   '@aws-cdk/cx-api': 1.14.0
'@aws-cdk/aws-iam':
 _latest: 1.14.0
 _:
  '1.14.0,1.14.x': 1.14.0
 1.14.0:
  top: 1
  $: sha512-eur34K2n97W/1Nu+gpranBg23Qexvivwh3mL4pEmfprJ+6UfQ0o2KWSAZoTm7CCse4eMQiNGYxU7H8KDcHui7g==
  _: 'https://registry.npmjs.org/@aws-cdk/aws-iam/-/aws-iam-1.14.0.tgz'
  dependencies:
   '@aws-cdk/core': 1.14.0
   '@aws-cdk/region-info': 1.14.0
  peerDependencies:
   '@aws-cdk/core': 1.14.0
   '@aws-cdk/region-info': 1.14.0
'@aws-cdk/aws-kms':
 _latest: 1.14.0
 _:
  1.14.0: 1.14.0
 1.14.0:
  $: sha512-NGbU63i+lV+PpQQInxnzeZpgbSUsKMyrxO7glMem/HKQ0QGrf8JE7ipRBQoHk6b2s3GASlBAN7cyZAcZbmmIRw==
  _: 'https://registry.npmjs.org/@aws-cdk/aws-kms/-/aws-kms-1.14.0.tgz'
  dependencies:
   '@aws-cdk/aws-iam': 1.14.0
   '@aws-cdk/core': 1.14.0
  peerDependencies:
   '@aws-cdk/aws-iam': 1.14.0
   '@aws-cdk/core': 1.14.0
'@aws-cdk/aws-ssm':
 _latest: 1.14.0
 _:
  1.14.0: 1.14.0
 1.14.0:
  $: sha512-tnXHQc+4kn5guYRpGpUjXqRQg7gtMigI6NYv/9Vtb2KZOUeoRNzQZrLL7but7ikV4jRtCCxDZAiSi2fEDG2qxA==
  _: 'https://registry.npmjs.org/@aws-cdk/aws-ssm/-/aws-ssm-1.14.0.tgz'
  dependencies:
   '@aws-cdk/aws-iam': 1.14.0
   '@aws-cdk/aws-kms': 1.14.0
   '@aws-cdk/core': 1.14.0
   '@aws-cdk/cx-api': 1.14.0
  peerDependencies:
   '@aws-cdk/aws-iam': 1.14.0
   '@aws-cdk/aws-kms': 1.14.0
   '@aws-cdk/core': 1.14.0
   '@aws-cdk/cx-api': 1.14.0
'@aws-cdk/core':
 _latest: 1.14.0
 _:
  '1.14.0,1.14.x': 1.14.0
 1.14.0:
  top: 1
  $: sha512-8EJkHlmLA8dL2O/gY68A6vLpR3TtGFIiCCKkXcyIHhKyXva7alCJYR3D7IVdIjtL0Kp1OEiOkPVMGARQdjQysg==
  _: 'https://registry.npmjs.org/@aws-cdk/core/-/core-1.14.0.tgz'
  dependencies:
   '@aws-cdk/cx-api': 1.14.0
  peerDependencies:
   '@aws-cdk/cx-api': 1.14.0
'@aws-cdk/cx-api':
 _latest: 1.14.0
 _:
  1.14.0: 1.14.0
 1.14.0:
  $: sha512-bTe6OPexb4FdN02GM42Af80Uf1qF/viC3FPwzhkVRdk31ZrSKbxNgh7Ys9OtVTp91U06RNpfWrTjob+DLQJmoQ==
  _: 'https://registry.npmjs.org/@aws-cdk/cx-api/-/cx-api-1.14.0.tgz'
  dependencies:
   semver: ^6.3.0
  bundleDependencies:
   - semver
'@aws-cdk/region-info':
 _latest: 1.14.0
 _:
  1.14.0: 1.14.0
 1.14.0:
  $: sha512-Yw/BuOSh39QelX9X4Hik0Cuq8WFm1KYDU2CJyEnzMrP9dVhlLTrsUnZcQM4kZ8LqY624QmMI1lsq0SE0A1fyeA==
  _: 'https://registry.npmjs.org/@aws-cdk/region-info/-/region-info-1.14.0.tgz'
'@types/node':
 _latest: 12.11.6
 _:
  ^12.11.5: 12.11.5
 12.11.5:
  top: 1
  $: sha512-LC8ALj/24PhByn39nr5jnTvpE7MujK8y7LQmV74kHYF5iQ0odCPkMH4IZNZw+cobKfSXqaC8GgegcbIsQpffdA==
  _: 'https://registry.npmjs.org/@types/node/-/node-12.11.5.tgz'
typescript:
 _latest: 3.6.4
 _:
  ^3.6.4: 3.6.4
 3.6.4:
  top: 1
  $: sha512-unoCll1+l+YK4i4F8f22TaNVPRHcD9PA3yCuZ8g5e0qGqlVlJ/8FSateOLLSagn+Yg5+ZwuPkL8LFUc0Jcvksg==
  _: 'https://registry.npmjs.org/typescript/-/typescript-3.6.4.tgz'
