github.com/BurntSushi/toml v0.3.1/go.mod h1:xHWCNGjB5oqiDr8zfno3MHue2Ht5sIBksp03qcyfWMU=
github.com/aws/aws-lambda-go v1.24.0 h1:bOMerM175hLqHLdF1Nonfv1NA20nTIatuC0HK8eMoYg=
github.com/aws/aws-lambda-go v1.24.0/go.mod h1:jJmlefzPfGnckuHdXX7/80O3BvUUi12XOkbv4w9SGLU=
github.com/aws/aws-sdk-go-v2 v1.6.0 h1:r20hdhm8wZmKkClREfacXrKfX0Y7/s0aOoeraFbf/sY=
github.com/aws/aws-sdk-go-v2 v1.6.0/go.mod h1:tI4KhsR5VkzlUa2DZAdwx7wCAYGwkZZ1H31PYrBFx1w=
github.com/aws/aws-sdk-go-v2/config v1.3.0 h1:0JAnp0WcsgKilFLiZEScUTKIvTKa2LkicadZADza+u0=
github.com/aws/aws-sdk-go-v2/config v1.3.0/go.mod h1:lOxzHWDt/k7MMidA/K8DgXL4+ynnZYsDq65Qhs/l3dg=
github.com/aws/aws-sdk-go-v2/credentials v1.2.1 h1:AqQ8PzWll1wegNUOfIKcbp/JspTbJl54gNonrO6VUsY=
github.com/aws/aws-sdk-go-v2/credentials v1.2.1/go.mod h1:Rfvim1eZTC9W5s8YJyYYtl1KMk6e8fHv+wMRQGO4Ru0=
github.com/aws/aws-sdk-go-v2/feature/ec2/imds v1.1.1 h1:w1ocBIhQkLgupEB3d0uOuBddqVYl0xpubz7HSTzWG8A=
github.com/aws/aws-sdk-go-v2/feature/ec2/imds v1.1.1/go.mod h1:GTXAhrxHQOj9N+J5tYVjwt+rpRyy/42qLjlgw9pz1a0=
github.com/aws/aws-sdk-go-v2/internal/ini v1.0.0 h1:k7I9E6tyVWBo7H9ffpnxDWudtjau6Qt9rnOYgV+ciEQ=
github.com/aws/aws-sdk-go-v2/internal/ini v1.0.0/go.mod h1:g3XMXuxvqSMUjnsXXp/960152w0wFS4CXVYgQaSVOHE=
github.com/aws/aws-sdk-go-v2/service/internal/presigned-url v1.1.1 h1:l7pDLsmOGrnR8LT+3gIv8NlHpUhs7220E457KEC2UM0=
github.com/aws/aws-sdk-go-v2/service/internal/presigned-url v1.1.1/go.mod h1:2+ehJPkdIdl46VCj67Emz/EH2hpebHZtaLdzqg+sWOI=
github.com/aws/aws-sdk-go-v2/service/sso v1.2.1 h1:alpXc5UG7al7QnttHe/9hfvUfitV8r3w0onPpPkGzi0=
github.com/aws/aws-sdk-go-v2/service/sso v1.2.1/go.mod h1:VimPFPltQ/920i1X0Sb0VJBROLIHkDg2MNP10D46OGs=
github.com/aws/aws-sdk-go-v2/service/sts v1.4.1 h1:9Z00tExoaLutWVDmY6LyvIAcKjHetkbdmpRt4JN/FN0=
github.com/aws/aws-sdk-go-v2/service/sts v1.4.1/go.mod h1:G9osDWA52WQ38BDcj65VY1cNmcAQXAXTsE8IWH8j81w=
github.com/aws/smithy-go v1.4.0 h1:3rsQpgRe+OoQgJhEwGNpIkosl0fJLdmQqF4gSFRjg+4=
github.com/aws/smithy-go v1.4.0/go.mod h1:SObp3lf9smib00L/v3U2eAKG8FyQ7iLrJnQiAmR5n+E=
github.com/cpuguy83/go-md2man/v2 v2.0.0-20190314233015-f79a8a8ca69d/go.mod h1:maD7wRr/U5Z6m/iR4s+kqSMx2CaBsrgA7czyZG/E6dU=
github.com/cpuguy83/go-md2man/v2 v2.0.0/go.mod h1:maD7wRr/U5Z6m/iR4s+kqSMx2CaBsrgA7czyZG/E6dU=
github.com/davecgh/go-spew v1.1.0/go.mod h1:J7Y8YcW2NihsgmVo/mv3lAwl/skON4iLHjSsI+c5H38=
github.com/davecgh/go-spew v1.1.1 h1:vj9j/u1bqnvCEfJOwUhtlOARqs3+rkHYY13jYWTU97c=
github.com/davecgh/go-spew v1.1.1/go.mod h1:J7Y8YcW2NihsgmVo/mv3lAwl/skON4iLHjSsI+c5H38=
github.com/google/go-cmp v0.5.4 h1:L8R9j+yAqZuZjsqh/z+F1NCffTKKLShY6zXTItVIZ8M=
github.com/google/go-cmp v0.5.4/go.mod h1:v8dTdLbMG2kIc/vJvl+f65V22dbkXbowE6jgT/gNBxE=
github.com/jmespath/go-jmespath v0.4.0/go.mod h1:T8mJZnbsbmF+m6zOOFylbeCJqk5+pHWvzYPziyZiYoo=
github.com/jmespath/go-jmespath/internal/testify v1.5.1/go.mod h1:L3OGu8Wl2/fWfCI6z80xFu9LTZmf1ZRjMHUOPmWr69U=
github.com/pmezard/go-difflib v1.0.0 h1:4DBwDE0NGyQoBHbLQYPwSUPoCMWR5BEzIk/f1lZbAQM=
github.com/pmezard/go-difflib v1.0.0/go.mod h1:iKH77koFhYxTK1pcRnkKkqfTogsbg7gZNVY4sRDYZ/4=
github.com/russross/blackfriday/v2 v2.0.1/go.mod h1:+Rmxgy9KzJVeS9/2gXHxylqXiyQDYRxCVz55jmeOWTM=
github.com/shurcooL/sanitized_anchor_name v1.0.0/go.mod h1:1NzhyTcUVG4SuEtjjoZeVRXNmyL/1OwPU0+IJeTBvfc=
github.com/stretchr/objx v0.1.0/go.mod h1:HFkY916IF+rwdDfMAkV7OtwuqBVzrE8GR6GFx+wExME=
github.com/stretchr/testify v1.6.1 h1:hDPOHmpOpP40lSULcqw7IrRb/u7w6RpDC9399XyoNd0=
github.com/stretchr/testify v1.6.1/go.mod h1:6Fq8oRcR53rry900zMqJjRRixrwX3KX962/h/Wwjteg=
github.com/urfave/cli/v2 v2.2.0/go.mod h1:SE9GqnLQmjVa0iPEY0f1w3ygNIYcIJ0OKPMoW2caLfQ=
golang.org/x/xerrors v0.0.0-20191204190536-9bdfabe68543 h1:E7g+9GITq07hpfrRu66IVDexMakfv52eLZ2CXBWiKr4=
golang.org/x/xerrors v0.0.0-20191204190536-9bdfabe68543/go.mod h1:I/5z698sn9Ka8TeJc9MKroUUfqBBauWjQqLJ2OPfmY0=
gopkg.in/check.v1 v0.0.0-20161208181325-20d25e280405/go.mod h1:Co6ibVJAznAaIkqp8huTwlJQCZ016jof/cbN4VW5Yz0=
gopkg.in/yaml.v2 v2.2.2/go.mod h1:hI93XBmqTisBFMUTm0b8Fm+jr3Dg1NNxqwp+5A1VGuI=
gopkg.in/yaml.v2 v2.2.8/go.mod h1:hI93XBmqTisBFMUTm0b8Fm+jr3Dg1NNxqwp+5A1VGuI=
gopkg.in/yaml.v3 v3.0.0-20200313102051-9f266ea9e77c/go.mod h1:K4uyk7z7BCEPqu6E+C64Yfv1cQ7kz7rIZviUmN+EgEM=
gopkg.in/yaml.v3 v3.0.0-20200615113413-eeeca48fe776 h1:tQIYjPdBoyREyB9XMu+nnTclpTYkz2zFM+lzLJFO4gQ=
gopkg.in/yaml.v3 v3.0.0-20200615113413-eeeca48fe776/go.mod h1:K4uyk7z7BCEPqu6E+C64Yfv1cQ7kz7rIZviUmN+EgEM=
